// !$*UTF8*$!
{
	archiveVersion = 1;
	classes = {
	};
	objectVersion = 46;
	objects = {

/* Begin PBXBuildFile section */
		68913F9C1788BCE400ED0EDE /* Foundation.framework in Frameworks */ = {isa = PBXBuildFile; fileRef = 68913F9B1788BCE400ED0EDE /* Foundation.framework */; };
		68913F9E1788BCE400ED0EDE /* CoreGraphics.framework in Frameworks */ = {isa = PBXBuildFile; fileRef = 68913F9D1788BCE400ED0EDE /* CoreGraphics.framework */; };
		68913FA01788BCE400ED0EDE /* UIKit.framework in Frameworks */ = {isa = PBXBuildFile; fileRef = 68913F9F1788BCE400ED0EDE /* UIKit.framework */; };
		68913FA61788BCE400ED0EDE /* InfoPlist.strings in Resources */ = {isa = PBXBuildFile; fileRef = 68913FA41788BCE400ED0EDE /* InfoPlist.strings */; };
		68913FA81788BCE400ED0EDE /* main.m in Sources */ = {isa = PBXBuildFile; fileRef = 68913FA71788BCE400ED0EDE /* main.m */; };
		68913FAC1788BCE400ED0EDE /* AppDelegate.m in Sources */ = {isa = PBXBuildFile; fileRef = 68913FAB1788BCE400ED0EDE /* AppDelegate.m */; };
		68913FAE1788BCE400ED0EDE /* Images.xcassets in Resources */ = {isa = PBXBuildFile; fileRef = 68913FAD1788BCE400ED0EDE /* Images.xcassets */; };
		68913FB51788BCE500ED0EDE /* XCTest.framework in Frameworks */ = {isa = PBXBuildFile; fileRef = 68913FB41788BCE500ED0EDE /* XCTest.framework */; };
		68913FB61788BCE500ED0EDE /* Foundation.framework in Frameworks */ = {isa = PBXBuildFile; fileRef = 68913F9B1788BCE400ED0EDE /* Foundation.framework */; };
		68913FB71788BCE500ED0EDE /* UIKit.framework in Frameworks */ = {isa = PBXBuildFile; fileRef = 68913F9F1788BCE400ED0EDE /* UIKit.framework */; };
		68913FBF1788BCE500ED0EDE /* InfoPlist.strings in Resources */ = {isa = PBXBuildFile; fileRef = 68913FBD1788BCE500ED0EDE /* InfoPlist.strings */; };
		68913FC11788BCE500ED0EDE /* AmalonAppTests.m in Sources */ = {isa = PBXBuildFile; fileRef = 68913FC01788BCE500ED0EDE /* AmalonAppTests.m */; };
		68913FD81788BD5000ED0EDE /* AbstractDecider.m in Sources */ = {isa = PBXBuildFile; fileRef = 68913FCC1788BD5000ED0EDE /* AbstractDecider.m */; };
		68913FD91788BD5000ED0EDE /* AvalonEngine.m in Sources */ = {isa = PBXBuildFile; fileRef = 68913FCF1788BD5000ED0EDE /* AvalonEngine.m */; };
		68913FDA1788BD5000ED0EDE /* AvalonGame.m in Sources */ = {isa = PBXBuildFile; fileRef = 68913FD11788BD5000ED0EDE /* AvalonGame.m */; };
		68913FDB1788BD5000ED0EDE /* AvalonPlayer.m in Sources */ = {isa = PBXBuildFile; fileRef = 68913FD31788BD5000ED0EDE /* AvalonPlayer.m */; };
		68913FDC1788BD5000ED0EDE /* AvalonQuest.m in Sources */ = {isa = PBXBuildFile; fileRef = 68913FD51788BD5000ED0EDE /* AvalonQuest.m */; };
		68913FDD1788BD5000ED0EDE /* AvalonRole.m in Sources */ = {isa = PBXBuildFile; fileRef = 68913FD71788BD5000ED0EDE /* AvalonRole.m */; };
		68913FEC17890BCA00ED0EDE /* ReplayViewController.m in Sources */ = {isa = PBXBuildFile; fileRef = 68913FEB17890BCA00ED0EDE /* ReplayViewController.m */; };
		68913FEE1789AFF500ED0EDE /* JavaScriptCore.framework in Frameworks */ = {isa = PBXBuildFile; fileRef = 68913FED1789AFF500ED0EDE /* JavaScriptCore.framework */; };
		68913FF21789C17C00ED0EDE /* JavaScriptDecider.m in Sources */ = {isa = PBXBuildFile; fileRef = 68913FF11789C17C00ED0EDE /* JavaScriptDecider.m */; };
		68913FF51789C93E00ED0EDE /* random_bot.js in Resources */ = {isa = PBXBuildFile; fileRef = 68913FF41789C90600ED0EDE /* random_bot.js */; };
		68913FF71789F8DE00ED0EDE /* simple_bot.js in Resources */ = {isa = PBXBuildFile; fileRef = 68913FF61789F8C700ED0EDE /* simple_bot.js */; };
		68D5C3B1178B94DF005BC281 /* AvalonProposal.m in Sources */ = {isa = PBXBuildFile; fileRef = 68D5C3B0178B94DF005BC281 /* AvalonProposal.m */; };
		68D5C3B6178BCDE3005BC281 /* QuestCell.m in Sources */ = {isa = PBXBuildFile; fileRef = 68D5C3B3178BCDE3005BC281 /* QuestCell.m */; };
		68D5C3B7178BCDE3005BC281 /* QuestPlayersView.m in Sources */ = {isa = PBXBuildFile; fileRef = 68D5C3B5178BCDE3005BC281 /* QuestPlayersView.m */; };
		68DE9203178E2B4B0013550C /* AvalonGameController.m in Sources */ = {isa = PBXBuildFile; fileRef = 68DE9202178E2B4B0013550C /* AvalonGameController.m */; };
/* End PBXBuildFile section */

/* Begin PBXContainerItemProxy section */
		68913FB81788BCE500ED0EDE /* PBXContainerItemProxy */ = {
			isa = PBXContainerItemProxy;
			containerPortal = 68913F901788BCE400ED0EDE /* Project object */;
			proxyType = 1;
			remoteGlobalIDString = 68913F971788BCE400ED0EDE;
			remoteInfo = AmalonApp;
		};
/* End PBXContainerItemProxy section */

/* Begin PBXFileReference section */
		68913F981788BCE400ED0EDE /* AmalonApp.app */ = {isa = PBXFileReference; explicitFileType = wrapper.application; includeInIndex = 0; path = AmalonApp.app; sourceTree = BUILT_PRODUCTS_DIR; };
		68913F9B1788BCE400ED0EDE /* Foundation.framework */ = {isa = PBXFileReference; lastKnownFileType = wrapper.framework; name = Foundation.framework; path = System/Library/Frameworks/Foundation.framework; sourceTree = SDKROOT; };
		68913F9D1788BCE400ED0EDE /* CoreGraphics.framework */ = {isa = PBXFileReference; lastKnownFileType = wrapper.framework; name = CoreGraphics.framework; path = System/Library/Frameworks/CoreGraphics.framework; sourceTree = SDKROOT; };
		68913F9F1788BCE400ED0EDE /* UIKit.framework */ = {isa = PBXFileReference; lastKnownFileType = wrapper.framework; name = UIKit.framework; path = System/Library/Frameworks/UIKit.framework; sourceTree = SDKROOT; };
		68913FA31788BCE400ED0EDE /* AmalonApp-Info.plist */ = {isa = PBXFileReference; lastKnownFileType = text.plist.xml; path = "AmalonApp-Info.plist"; sourceTree = "<group>"; };
		68913FA51788BCE400ED0EDE /* en */ = {isa = PBXFileReference; lastKnownFileType = text.plist.strings; name = en; path = en.lproj/InfoPlist.strings; sourceTree = "<group>"; };
		68913FA71788BCE400ED0EDE /* main.m */ = {isa = PBXFileReference; lastKnownFileType = sourcecode.c.objc; path = main.m; sourceTree = "<group>"; };
		68913FA91788BCE400ED0EDE /* AmalonApp-Prefix.pch */ = {isa = PBXFileReference; lastKnownFileType = sourcecode.c.h; path = "AmalonApp-Prefix.pch"; sourceTree = "<group>"; };
		68913FAA1788BCE400ED0EDE /* AppDelegate.h */ = {isa = PBXFileReference; lastKnownFileType = sourcecode.c.h; path = AppDelegate.h; sourceTree = "<group>"; };
		68913FAB1788BCE400ED0EDE /* AppDelegate.m */ = {isa = PBXFileReference; lastKnownFileType = sourcecode.c.objc; path = AppDelegate.m; sourceTree = "<group>"; };
		68913FAD1788BCE400ED0EDE /* Images.xcassets */ = {isa = PBXFileReference; lastKnownFileType = folder.assetcatalog; path = Images.xcassets; sourceTree = "<group>"; };
		68913FB31788BCE500ED0EDE /* AmalonAppTests.xctest */ = {isa = PBXFileReference; explicitFileType = wrapper.cfbundle; includeInIndex = 0; path = AmalonAppTests.xctest; sourceTree = BUILT_PRODUCTS_DIR; };
		68913FB41788BCE500ED0EDE /* XCTest.framework */ = {isa = PBXFileReference; lastKnownFileType = wrapper.framework; name = XCTest.framework; path = Library/Frameworks/XCTest.framework; sourceTree = DEVELOPER_DIR; };
		68913FBC1788BCE500ED0EDE /* AmalonAppTests-Info.plist */ = {isa = PBXFileReference; lastKnownFileType = text.plist.xml; path = "AmalonAppTests-Info.plist"; sourceTree = "<group>"; };
		68913FBE1788BCE500ED0EDE /* en */ = {isa = PBXFileReference; lastKnownFileType = text.plist.strings; name = en; path = en.lproj/InfoPlist.strings; sourceTree = "<group>"; };
		68913FC01788BCE500ED0EDE /* AmalonAppTests.m */ = {isa = PBXFileReference; lastKnownFileType = sourcecode.c.objc; path = AmalonAppTests.m; sourceTree = "<group>"; };
		68913FCB1788BD5000ED0EDE /* AbstractDecider.h */ = {isa = PBXFileReference; fileEncoding = 4; lastKnownFileType = sourcecode.c.h; path = AbstractDecider.h; sourceTree = "<group>"; };
		68913FCC1788BD5000ED0EDE /* AbstractDecider.m */ = {isa = PBXFileReference; fileEncoding = 4; lastKnownFileType = sourcecode.c.objc; path = AbstractDecider.m; sourceTree = "<group>"; };
		68913FCD1788BD5000ED0EDE /* Avalon.h */ = {isa = PBXFileReference; fileEncoding = 4; lastKnownFileType = sourcecode.c.h; path = Avalon.h; sourceTree = "<group>"; };
		68913FCE1788BD5000ED0EDE /* AvalonEngine.h */ = {isa = PBXFileReference; fileEncoding = 4; lastKnownFileType = sourcecode.c.h; path = AvalonEngine.h; sourceTree = "<group>"; };
		68913FCF1788BD5000ED0EDE /* AvalonEngine.m */ = {isa = PBXFileReference; fileEncoding = 4; lastKnownFileType = sourcecode.c.objc; path = AvalonEngine.m; sourceTree = "<group>"; };
		68913FD01788BD5000ED0EDE /* AvalonGame.h */ = {isa = PBXFileReference; fileEncoding = 4; lastKnownFileType = sourcecode.c.h; path = AvalonGame.h; sourceTree = "<group>"; };
		68913FD11788BD5000ED0EDE /* AvalonGame.m */ = {isa = PBXFileReference; fileEncoding = 4; lastKnownFileType = sourcecode.c.objc; path = AvalonGame.m; sourceTree = "<group>"; };
		68913FD21788BD5000ED0EDE /* AvalonPlayer.h */ = {isa = PBXFileReference; fileEncoding = 4; lastKnownFileType = sourcecode.c.h; path = AvalonPlayer.h; sourceTree = "<group>"; };
		68913FD31788BD5000ED0EDE /* AvalonPlayer.m */ = {isa = PBXFileReference; fileEncoding = 4; lastKnownFileType = sourcecode.c.objc; path = AvalonPlayer.m; sourceTree = "<group>"; };
		68913FD41788BD5000ED0EDE /* AvalonQuest.h */ = {isa = PBXFileReference; fileEncoding = 4; lastKnownFileType = sourcecode.c.h; path = AvalonQuest.h; sourceTree = "<group>"; };
		68913FD51788BD5000ED0EDE /* AvalonQuest.m */ = {isa = PBXFileReference; fileEncoding = 4; lastKnownFileType = sourcecode.c.objc; path = AvalonQuest.m; sourceTree = "<group>"; };
		68913FD61788BD5000ED0EDE /* AvalonRole.h */ = {isa = PBXFileReference; fileEncoding = 4; lastKnownFileType = sourcecode.c.h; path = AvalonRole.h; sourceTree = "<group>"; };
		68913FD71788BD5000ED0EDE /* AvalonRole.m */ = {isa = PBXFileReference; fileEncoding = 4; lastKnownFileType = sourcecode.c.objc; path = AvalonRole.m; sourceTree = "<group>"; };
		68913FEA17890BCA00ED0EDE /* ReplayViewController.h */ = {isa = PBXFileReference; fileEncoding = 4; lastKnownFileType = sourcecode.c.h; path = ReplayViewController.h; sourceTree = "<group>"; };
		68913FEB17890BCA00ED0EDE /* ReplayViewController.m */ = {isa = PBXFileReference; fileEncoding = 4; lastKnownFileType = sourcecode.c.objc; path = ReplayViewController.m; sourceTree = "<group>"; };
		68913FED1789AFF500ED0EDE /* JavaScriptCore.framework */ = {isa = PBXFileReference; lastKnownFileType = wrapper.framework; name = JavaScriptCore.framework; path = System/Library/Frameworks/JavaScriptCore.framework; sourceTree = SDKROOT; };
		68913FEF1789B51200ED0EDE /* AvalonJSExports.h */ = {isa = PBXFileReference; fileEncoding = 4; lastKnownFileType = sourcecode.c.h; path = AvalonJSExports.h; sourceTree = "<group>"; };
		68913FF01789C17C00ED0EDE /* JavaScriptDecider.h */ = {isa = PBXFileReference; fileEncoding = 4; lastKnownFileType = sourcecode.c.h; path = JavaScriptDecider.h; sourceTree = "<group>"; };
		68913FF11789C17C00ED0EDE /* JavaScriptDecider.m */ = {isa = PBXFileReference; fileEncoding = 4; lastKnownFileType = sourcecode.c.objc; path = JavaScriptDecider.m; sourceTree = "<group>"; };
		68913FF41789C90600ED0EDE /* random_bot.js */ = {isa = PBXFileReference; lastKnownFileType = sourcecode.javascript; path = random_bot.js; sourceTree = "<group>"; };
		68913FF61789F8C700ED0EDE /* simple_bot.js */ = {isa = PBXFileReference; lastKnownFileType = sourcecode.javascript; path = simple_bot.js; sourceTree = "<group>"; };
		68D5C3AF178B94DF005BC281 /* AvalonProposal.h */ = {isa = PBXFileReference; fileEncoding = 4; lastKnownFileType = sourcecode.c.h; path = AvalonProposal.h; sourceTree = "<group>"; };
		68D5C3B0178B94DF005BC281 /* AvalonProposal.m */ = {isa = PBXFileReference; fileEncoding = 4; lastKnownFileType = sourcecode.c.objc; path = AvalonProposal.m; sourceTree = "<group>"; };
		68D5C3B2178BCDE3005BC281 /* QuestCell.h */ = {isa = PBXFileReference; fileEncoding = 4; lastKnownFileType = sourcecode.c.h; path = QuestCell.h; sourceTree = "<group>"; };
		68D5C3B3178BCDE3005BC281 /* QuestCell.m */ = {isa = PBXFileReference; fileEncoding = 4; lastKnownFileType = sourcecode.c.objc; path = QuestCell.m; sourceTree = "<group>"; };
		68D5C3B4178BCDE3005BC281 /* QuestPlayersView.h */ = {isa = PBXFileReference; fileEncoding = 4; lastKnownFileType = sourcecode.c.h; path = QuestPlayersView.h; sourceTree = "<group>"; };
		68D5C3B5178BCDE3005BC281 /* QuestPlayersView.m */ = {isa = PBXFileReference; fileEncoding = 4; lastKnownFileType = sourcecode.c.objc; path = QuestPlayersView.m; sourceTree = "<group>"; };
		68DE9201178E2B4B0013550C /* AvalonGameController.h */ = {isa = PBXFileReference; fileEncoding = 4; lastKnownFileType = sourcecode.c.h; path = AvalonGameController.h; sourceTree = "<group>"; };
		68DE9202178E2B4B0013550C /* AvalonGameController.m */ = {isa = PBXFileReference; fileEncoding = 4; lastKnownFileType = sourcecode.c.objc; path = AvalonGameController.m; sourceTree = "<group>"; };
/* End PBXFileReference section */

/* Begin PBXFrameworksBuildPhase section */
		68913F951788BCE400ED0EDE /* Frameworks */ = {
			isa = PBXFrameworksBuildPhase;
			buildActionMask = 2147483647;
			files = (
				68913FEE1789AFF500ED0EDE /* JavaScriptCore.framework in Frameworks */,
				68913F9E1788BCE400ED0EDE /* CoreGraphics.framework in Frameworks */,
				68913FA01788BCE400ED0EDE /* UIKit.framework in Frameworks */,
				68913F9C1788BCE400ED0EDE /* Foundation.framework in Frameworks */,
			);
			runOnlyForDeploymentPostprocessing = 0;
		};
		68913FB01788BCE500ED0EDE /* Frameworks */ = {
			isa = PBXFrameworksBuildPhase;
			buildActionMask = 2147483647;
			files = (
				68913FB51788BCE500ED0EDE /* XCTest.framework in Frameworks */,
				68913FB71788BCE500ED0EDE /* UIKit.framework in Frameworks */,
				68913FB61788BCE500ED0EDE /* Foundation.framework in Frameworks */,
			);
			runOnlyForDeploymentPostprocessing = 0;
		};
/* End PBXFrameworksBuildPhase section */

/* Begin PBXGroup section */
		68913F8F1788BCE400ED0EDE = {
			isa = PBXGroup;
			children = (
				68913FF31789C90600ED0EDE /* ExampleBots */,
				68913FCA1788BD5000ED0EDE /* AvalonEngine */,
				68913FA11788BCE400ED0EDE /* AmalonApp */,
				68913FBA1788BCE500ED0EDE /* AmalonAppTests */,
				68913F9A1788BCE400ED0EDE /* Frameworks */,
				68913F991788BCE400ED0EDE /* Products */,
			);
			sourceTree = "<group>";
		};
		68913F991788BCE400ED0EDE /* Products */ = {
			isa = PBXGroup;
			children = (
				68913F981788BCE400ED0EDE /* AmalonApp.app */,
				68913FB31788BCE500ED0EDE /* AmalonAppTests.xctest */,
			);
			name = Products;
			sourceTree = "<group>";
		};
		68913F9A1788BCE400ED0EDE /* Frameworks */ = {
			isa = PBXGroup;
			children = (
				68913FED1789AFF500ED0EDE /* JavaScriptCore.framework */,
				68913F9B1788BCE400ED0EDE /* Foundation.framework */,
				68913F9D1788BCE400ED0EDE /* CoreGraphics.framework */,
				68913F9F1788BCE400ED0EDE /* UIKit.framework */,
				68913FB41788BCE500ED0EDE /* XCTest.framework */,
			);
			name = Frameworks;
			sourceTree = "<group>";
		};
		68913FA11788BCE400ED0EDE /* AmalonApp */ = {
			isa = PBXGroup;
			children = (
				68D5C3B2178BCDE3005BC281 /* QuestCell.h */,
				68D5C3B3178BCDE3005BC281 /* QuestCell.m */,
				68D5C3B4178BCDE3005BC281 /* QuestPlayersView.h */,
				68D5C3B5178BCDE3005BC281 /* QuestPlayersView.m */,
				68913FAA1788BCE400ED0EDE /* AppDelegate.h */,
				68913FAB1788BCE400ED0EDE /* AppDelegate.m */,
				68913FEA17890BCA00ED0EDE /* ReplayViewController.h */,
				68913FEB17890BCA00ED0EDE /* ReplayViewController.m */,
				68913FAD1788BCE400ED0EDE /* Images.xcassets */,
				68913FA21788BCE400ED0EDE /* Supporting Files */,
			);
			path = AmalonApp;
			sourceTree = "<group>";
		};
		68913FA21788BCE400ED0EDE /* Supporting Files */ = {
			isa = PBXGroup;
			children = (
				68913FA31788BCE400ED0EDE /* AmalonApp-Info.plist */,
				68913FA41788BCE400ED0EDE /* InfoPlist.strings */,
				68913FA71788BCE400ED0EDE /* main.m */,
				68913FA91788BCE400ED0EDE /* AmalonApp-Prefix.pch */,
			);
			name = "Supporting Files";
			sourceTree = "<group>";
		};
		68913FBA1788BCE500ED0EDE /* AmalonAppTests */ = {
			isa = PBXGroup;
			children = (
				68913FC01788BCE500ED0EDE /* AmalonAppTests.m */,
				68913FBB1788BCE500ED0EDE /* Supporting Files */,
			);
			path = AmalonAppTests;
			sourceTree = "<group>";
		};
		68913FBB1788BCE500ED0EDE /* Supporting Files */ = {
			isa = PBXGroup;
			children = (
				68913FBC1788BCE500ED0EDE /* AmalonAppTests-Info.plist */,
				68913FBD1788BCE500ED0EDE /* InfoPlist.strings */,
			);
			name = "Supporting Files";
			sourceTree = "<group>";
		};
		68913FCA1788BD5000ED0EDE /* AvalonEngine */ = {
			isa = PBXGroup;
			children = (
				68913FCB1788BD5000ED0EDE /* AbstractDecider.h */,
				68913FCC1788BD5000ED0EDE /* AbstractDecider.m */,
				68913FEF1789B51200ED0EDE /* AvalonJSExports.h */,
				68913FCD1788BD5000ED0EDE /* Avalon.h */,
				68913FCE1788BD5000ED0EDE /* AvalonEngine.h */,
				68913FCF1788BD5000ED0EDE /* AvalonEngine.m */,
				68913FD01788BD5000ED0EDE /* AvalonGame.h */,
				68913FD11788BD5000ED0EDE /* AvalonGame.m */,
				68DE9201178E2B4B0013550C /* AvalonGameController.h */,
				68DE9202178E2B4B0013550C /* AvalonGameController.m */,
				68913FD21788BD5000ED0EDE /* AvalonPlayer.h */,
				68913FD31788BD5000ED0EDE /* AvalonPlayer.m */,
				68913FD41788BD5000ED0EDE /* AvalonQuest.h */,
				68913FD51788BD5000ED0EDE /* AvalonQuest.m */,
				68D5C3AF178B94DF005BC281 /* AvalonProposal.h */,
				68D5C3B0178B94DF005BC281 /* AvalonProposal.m */,
				68913FD61788BD5000ED0EDE /* AvalonRole.h */,
				68913FD71788BD5000ED0EDE /* AvalonRole.m */,
				68913FF01789C17C00ED0EDE /* JavaScriptDecider.h */,
				68913FF11789C17C00ED0EDE /* JavaScriptDecider.m */,
			);
			name = AvalonEngine;
			path = ../AvalonEngine;
			sourceTree = "<group>";
		};
		68913FF31789C90600ED0EDE /* ExampleBots */ = {
			isa = PBXGroup;
			children = (
				68913FF61789F8C700ED0EDE /* simple_bot.js */,
				68913FF41789C90600ED0EDE /* random_bot.js */,
			);
			name = ExampleBots;
			path = ../ExampleBots;
			sourceTree = "<group>";
		};
/* End PBXGroup section */

/* Begin PBXNativeTarget section */
		68913F971788BCE400ED0EDE /* AmalonApp */ = {
			isa = PBXNativeTarget;
			buildConfigurationList = 68913FC41788BCE500ED0EDE /* Build configuration list for PBXNativeTarget "AmalonApp" */;
			buildPhases = (
				68913F941788BCE400ED0EDE /* Sources */,
				68913F951788BCE400ED0EDE /* Frameworks */,
				68913F961788BCE400ED0EDE /* Resources */,
			);
			buildRules = (
			);
			dependencies = (
			);
			name = AmalonApp;
			productName = AmalonApp;
			productReference = 68913F981788BCE400ED0EDE /* AmalonApp.app */;
			productType = "com.apple.product-type.application";
		};
		68913FB21788BCE500ED0EDE /* AmalonAppTests */ = {
			isa = PBXNativeTarget;
			buildConfigurationList = 68913FC71788BCE500ED0EDE /* Build configuration list for PBXNativeTarget "AmalonAppTests" */;
			buildPhases = (
				68913FAF1788BCE500ED0EDE /* Sources */,
				68913FB01788BCE500ED0EDE /* Frameworks */,
				68913FB11788BCE500ED0EDE /* Resources */,
			);
			buildRules = (
			);
			dependencies = (
				68913FB91788BCE500ED0EDE /* PBXTargetDependency */,
			);
			name = AmalonAppTests;
			productName = AmalonAppTests;
			productReference = 68913FB31788BCE500ED0EDE /* AmalonAppTests.xctest */;
			productType = "com.apple.product-type.bundle.unit-test";
		};
/* End PBXNativeTarget section */

/* Begin PBXProject section */
		68913F901788BCE400ED0EDE /* Project object */ = {
			isa = PBXProject;
			attributes = {
				LastUpgradeCheck = 0500;
				ORGANIZATIONNAME = "Brandon Smith";
				TargetAttributes = {
					68913FB21788BCE500ED0EDE = {
						TestTargetID = 68913F971788BCE400ED0EDE;
					};
				};
			};
			buildConfigurationList = 68913F931788BCE400ED0EDE /* Build configuration list for PBXProject "AmalonApp" */;
			compatibilityVersion = "Xcode 3.2";
			developmentRegion = English;
			hasScannedForEncodings = 0;
			knownRegions = (
				en,
			);
			mainGroup = 68913F8F1788BCE400ED0EDE;
			productRefGroup = 68913F991788BCE400ED0EDE /* Products */;
			projectDirPath = "";
			projectRoot = "";
			targets = (
				68913F971788BCE400ED0EDE /* AmalonApp */,
				68913FB21788BCE500ED0EDE /* AmalonAppTests */,
			);
		};
/* End PBXProject section */

/* Begin PBXResourcesBuildPhase section */
		68913F961788BCE400ED0EDE /* Resources */ = {
			isa = PBXResourcesBuildPhase;
			buildActionMask = 2147483647;
			files = (
				68913FF71789F8DE00ED0EDE /* simple_bot.js in Resources */,
				68913FF51789C93E00ED0EDE /* random_bot.js in Resources */,
				68913FA61788BCE400ED0EDE /* InfoPlist.strings in Resources */,
				68913FAE1788BCE400ED0EDE /* Images.xcassets in Resources */,
			);
			runOnlyForDeploymentPostprocessing = 0;
		};
		68913FB11788BCE500ED0EDE /* Resources */ = {
			isa = PBXResourcesBuildPhase;
			buildActionMask = 2147483647;
			files = (
				68913FBF1788BCE500ED0EDE /* InfoPlist.strings in Resources */,
			);
			runOnlyForDeploymentPostprocessing = 0;
		};
/* End PBXResourcesBuildPhase section */

/* Begin PBXSourcesBuildPhase section */
		68913F941788BCE400ED0EDE /* Sources */ = {
			isa = PBXSourcesBuildPhase;
			buildActionMask = 2147483647;
			files = (
				68913FD91788BD5000ED0EDE /* AvalonEngine.m in Sources */,
				68913FAC1788BCE400ED0EDE /* AppDelegate.m in Sources */,
				68913FDD1788BD5000ED0EDE /* AvalonRole.m in Sources */,
				68913FA81788BCE400ED0EDE /* main.m in Sources */,
				68D5C3B6178BCDE3005BC281 /* QuestCell.m in Sources */,
				68D5C3B1178B94DF005BC281 /* AvalonProposal.m in Sources */,
				68D5C3B7178BCDE3005BC281 /* QuestPlayersView.m in Sources */,
				68913FDA1788BD5000ED0EDE /* AvalonGame.m in Sources */,
				68DE9203178E2B4B0013550C /* AvalonGameController.m in Sources */,
				68913FF21789C17C00ED0EDE /* JavaScriptDecider.m in Sources */,
				68913FD81788BD5000ED0EDE /* AbstractDecider.m in Sources */,
				68913FEC17890BCA00ED0EDE /* ReplayViewController.m in Sources */,
				68913FDC1788BD5000ED0EDE /* AvalonQuest.m in Sources */,
				68913FDB1788BD5000ED0EDE /* AvalonPlayer.m in Sources */,
			);
			runOnlyForDeploymentPostprocessing = 0;
		};
		68913FAF1788BCE500ED0EDE /* Sources */ = {
			isa = PBXSourcesBuildPhase;
			buildActionMask = 2147483647;
			files = (
				68913FC11788BCE500ED0EDE /* AmalonAppTests.m in Sources */,
			);
			runOnlyForDeploymentPostprocessing = 0;
		};
/* End PBXSourcesBuildPhase section */

/* Begin PBXTargetDependency section */
		68913FB91788BCE500ED0EDE /* PBXTargetDependency */ = {
			isa = PBXTargetDependency;
			target = 68913F971788BCE400ED0EDE /* AmalonApp */;
			targetProxy = 68913FB81788BCE500ED0EDE /* PBXContainerItemProxy */;
		};
/* End PBXTargetDependency section */

/* Begin PBXVariantGroup section */
		68913FA41788BCE400ED0EDE /* InfoPlist.strings */ = {
			isa = PBXVariantGroup;
			children = (
				68913FA51788BCE400ED0EDE /* en */,
			);
			name = InfoPlist.strings;
			sourceTree = "<group>";
		};
		68913FBD1788BCE500ED0EDE /* InfoPlist.strings */ = {
			isa = PBXVariantGroup;
			children = (
				68913FBE1788BCE500ED0EDE /* en */,
			);
			name = InfoPlist.strings;
			sourceTree = "<group>";
		};
/* End PBXVariantGroup section */

/* Begin XCBuildConfiguration section */
		68913FC21788BCE500ED0EDE /* Debug */ = {
			isa = XCBuildConfiguration;
			buildSettings = {
				ALWAYS_SEARCH_USER_PATHS = NO;
				CLANG_CXX_LANGUAGE_STANDARD = "gnu++0x";
				CLANG_CXX_LIBRARY = "libc++";
				CLANG_ENABLE_MODULES = YES;
				CLANG_ENABLE_OBJC_ARC = YES;
				CLANG_WARN_BOOL_CONVERSION = YES;
				CLANG_WARN_CONSTANT_CONVERSION = YES;
				CLANG_WARN_DIRECT_OBJC_ISA_USAGE = YES_ERROR;
				CLANG_WARN_EMPTY_BODY = YES;
				CLANG_WARN_ENUM_CONVERSION = YES;
				CLANG_WARN_INT_CONVERSION = YES;
				CLANG_WARN_OBJC_ROOT_CLASS = YES_ERROR;
				CLANG_WARN__DUPLICATE_METHOD_MATCH = YES;
				"CODE_SIGN_IDENTITY[sdk=iphoneos*]" = "iPhone Developer";
				COPY_PHASE_STRIP = NO;
				GCC_C_LANGUAGE_STANDARD = gnu99;
				GCC_DYNAMIC_NO_PIC = NO;
				GCC_OPTIMIZATION_LEVEL = 0;
				GCC_PREPROCESSOR_DEFINITIONS = (
					"DEBUG=1",
					"$(inherited)",
				);
				GCC_SYMBOLS_PRIVATE_EXTERN = NO;
				GCC_WARN_ABOUT_RETURN_TYPE = YES_ERROR;
				GCC_WARN_UNDECLARED_SELECTOR = YES;
				GCC_WARN_UNINITIALIZED_AUTOS = YES;
				GCC_WARN_UNUSED_FUNCTION = YES;
				GCC_WARN_UNUSED_VARIABLE = YES;
				IPHONEOS_DEPLOYMENT_TARGET = 6.0;
				ONLY_ACTIVE_ARCH = YES;
				SDKROOT = iphoneos;
				TARGETED_DEVICE_FAMILY = "1,2";
			};
			name = Debug;
		};
		68913FC31788BCE500ED0EDE /* Release */ = {
			isa = XCBuildConfiguration;
			buildSettings = {
				ALWAYS_SEARCH_USER_PATHS = NO;
				CLANG_CXX_LANGUAGE_STANDARD = "gnu++0x";
				CLANG_CXX_LIBRARY = "libc++";
				CLANG_ENABLE_MODULES = YES;
				CLANG_ENABLE_OBJC_ARC = YES;
				CLANG_WARN_BOOL_CONVERSION = YES;
				CLANG_WARN_CONSTANT_CONVERSION = YES;
				CLANG_WARN_DIRECT_OBJC_ISA_USAGE = YES_ERROR;
				CLANG_WARN_EMPTY_BODY = YES;
				CLANG_WARN_ENUM_CONVERSION = YES;
				CLANG_WARN_INT_CONVERSION = YES;
				CLANG_WARN_OBJC_ROOT_CLASS = YES_ERROR;
				CLANG_WARN__DUPLICATE_METHOD_MATCH = YES;
				"CODE_SIGN_IDENTITY[sdk=iphoneos*]" = "iPhone Developer";
				COPY_PHASE_STRIP = YES;
				ENABLE_NS_ASSERTIONS = NO;
				GCC_C_LANGUAGE_STANDARD = gnu99;
				GCC_WARN_ABOUT_RETURN_TYPE = YES_ERROR;
				GCC_WARN_UNDECLARED_SELECTOR = YES;
				GCC_WARN_UNINITIALIZED_AUTOS = YES;
				GCC_WARN_UNUSED_FUNCTION = YES;
				GCC_WARN_UNUSED_VARIABLE = YES;
				IPHONEOS_DEPLOYMENT_TARGET = 6.0;
				SDKROOT = iphoneos;
				TARGETED_DEVICE_FAMILY = "1,2";
				VALIDATE_PRODUCT = YES;
			};
			name = Release;
		};
		68913FC51788BCE500ED0EDE /* Debug */ = {
			isa = XCBuildConfiguration;
			buildSettings = {
				ASSETCATALOG_COMPILER_APPICON_NAME = AppIcon;
				ASSETCATALOG_COMPILER_LAUNCHIMAGE_NAME = LaunchImage;
				GCC_PRECOMPILE_PREFIX_HEADER = YES;
				GCC_PREFIX_HEADER = "AmalonApp/AmalonApp-Prefix.pch";
				INFOPLIST_FILE = "AmalonApp/AmalonApp-Info.plist";
				PRODUCT_NAME = "$(TARGET_NAME)";
				WRAPPER_EXTENSION = app;
			};
			name = Debug;
		};
		68913FC61788BCE500ED0EDE /* Release */ = {
			isa = XCBuildConfiguration;
			buildSettings = {
				ASSETCATALOG_COMPILER_APPICON_NAME = AppIcon;
				ASSETCATALOG_COMPILER_LAUNCHIMAGE_NAME = LaunchImage;
				GCC_PRECOMPILE_PREFIX_HEADER = YES;
				GCC_PREFIX_HEADER = "AmalonApp/AmalonApp-Prefix.pch";
				INFOPLIST_FILE = "AmalonApp/AmalonApp-Info.plist";
				PRODUCT_NAME = "$(TARGET_NAME)";
				WRAPPER_EXTENSION = app;
			};
			name = Release;
		};
		68913FC81788BCE500ED0EDE /* Debug */ = {
			isa = XCBuildConfiguration;
			buildSettings = {
				BUNDLE_LOADER = "$(BUILT_PRODUCTS_DIR)/AmalonApp.app/AmalonApp";
				FRAMEWORK_SEARCH_PATHS = (
					"$(SDKROOT)/Developer/Library/Frameworks",
					"$(inherited)",
					"$(SYSTEM_APPS_DIR)/Xcode5-DP2.app/Contents/Developer/Library/Frameworks",
				);
				GCC_PRECOMPILE_PREFIX_HEADER = YES;
				GCC_PREFIX_HEADER = "AmalonApp/AmalonApp-Prefix.pch";
				GCC_PREPROCESSOR_DEFINITIONS = (
					"DEBUG=1",
					"$(inherited)",
				);
				INFOPLIST_FILE = "AmalonAppTests/AmalonAppTests-Info.plist";
				PRODUCT_NAME = "$(TARGET_NAME)";
				TEST_HOST = "$(BUNDLE_LOADER)";
				WRAPPER_EXTENSION = xctest;
			};
			name = Debug;
		};
		68913FC91788BCE500ED0EDE /* Release */ = {
			isa = XCBuildConfiguration;
			buildSettings = {
				BUNDLE_LOADER = "$(BUILT_PRODUCTS_DIR)/AmalonApp.app/AmalonApp";
				FRAMEWORK_SEARCH_PATHS = (
					"$(SDKROOT)/Developer/Library/Frameworks",
					"$(inherited)",
					"$(SYSTEM_APPS_DIR)/Xcode5-DP2.app/Contents/Developer/Library/Frameworks",
				);
				GCC_PRECOMPILE_PREFIX_HEADER = YES;
				GCC_PREFIX_HEADER = "AmalonApp/AmalonApp-Prefix.pch";
				INFOPLIST_FILE = "AmalonAppTests/AmalonAppTests-Info.plist";
				PRODUCT_NAME = "$(TARGET_NAME)";
				TEST_HOST = "$(BUNDLE_LOADER)";
				WRAPPER_EXTENSION = xctest;
			};
			name = Release;
		};
/* End XCBuildConfiguration section */

/* Begin XCConfigurationList section */
		68913F931788BCE400ED0EDE /* Build configuration list for PBXProject "AmalonApp" */ = {
			isa = XCConfigurationList;
			buildConfigurations = (
				68913FC21788BCE500ED0EDE /* Debug */,
				68913FC31788BCE500ED0EDE /* Release */,
			);
			defaultConfigurationIsVisible = 0;
			defaultConfigurationName = Release;
		};
		68913FC41788BCE500ED0EDE /* Build configuration list for PBXNativeTarget "AmalonApp" */ = {
			isa = XCConfigurationList;
			buildConfigurations = (
				68913FC51788BCE500ED0EDE /* Debug */,
				68913FC61788BCE500ED0EDE /* Release */,
			);
			defaultConfigurationIsVisible = 0;
			defaultConfigurationName = Release;
		};
		68913FC71788BCE500ED0EDE /* Build configuration list for PBXNativeTarget "AmalonAppTests" */ = {
			isa = XCConfigurationList;
			buildConfigurations = (
				68913FC81788BCE500ED0EDE /* Debug */,
				68913FC91788BCE500ED0EDE /* Release */,
			);
			defaultConfigurationIsVisible = 0;
			defaultConfigurationName = Release;
		};
/* End XCConfigurationList section */
	};
	rootObject = 68913F901788BCE400ED0EDE /* Project object */;
}
