// !$*UTF8*$!
{
	archiveVersion = 1;
	classes = {
	};
	objectVersion = 46;
	objects = {

/* Begin PBXBuildFile section */
		6807F37C17910862004281F0 /* AppDelegate.m in Sources */ = {isa = PBXBuildFile; fileRef = 6807F37A17910862004281F0 /* AppDelegate.m */; };
		6807F37D17910862004281F0 /* main.m in Sources */ = {isa = PBXBuildFile; fileRef = 6807F37B17910862004281F0 /* main.m */; };
		6807F38017910929004281F0 /* MainMenu.xib in Resources */ = {isa = PBXBuildFile; fileRef = 6807F37E17910929004281F0 /* MainMenu.xib */; };
		6807F399179109D5004281F0 /* AbstractDecider.m in Sources */ = {isa = PBXBuildFile; fileRef = 6807F385179109D5004281F0 /* AbstractDecider.m */; };
		6807F39A179109D5004281F0 /* AvalonEngine.m in Sources */ = {isa = PBXBuildFile; fileRef = 6807F388179109D5004281F0 /* AvalonEngine.m */; };
		6807F39B179109D5004281F0 /* AvalonGame.m in Sources */ = {isa = PBXBuildFile; fileRef = 6807F38A179109D5004281F0 /* AvalonGame.m */; };
		6807F39C179109D5004281F0 /* AvalonGameController.m in Sources */ = {isa = PBXBuildFile; fileRef = 6807F38C179109D5004281F0 /* AvalonGameController.m */; };
		6807F39D179109D5004281F0 /* AvalonPlayer.m in Sources */ = {isa = PBXBuildFile; fileRef = 6807F38F179109D5004281F0 /* AvalonPlayer.m */; };
		6807F39E179109D5004281F0 /* AvalonProposal.m in Sources */ = {isa = PBXBuildFile; fileRef = 6807F391179109D5004281F0 /* AvalonProposal.m */; };
		6807F39F179109D5004281F0 /* AvalonQuest.m in Sources */ = {isa = PBXBuildFile; fileRef = 6807F393179109D5004281F0 /* AvalonQuest.m */; };
		6807F3A0179109D5004281F0 /* AvalonRole.m in Sources */ = {isa = PBXBuildFile; fileRef = 6807F395179109D5004281F0 /* AvalonRole.m */; };
		6807F3A1179109D5004281F0 /* JavaScriptDecider.m in Sources */ = {isa = PBXBuildFile; fileRef = 6807F398179109D5004281F0 /* JavaScriptDecider.m */; };
		68EF30BB17910563006753A3 /* Cocoa.framework in Frameworks */ = {isa = PBXBuildFile; fileRef = 68EF30BA17910563006753A3 /* Cocoa.framework */; };
/* End PBXBuildFile section */

/* Begin PBXFileReference section */
		6807F37717910840004281F0 /* Images.xcassets */ = {isa = PBXFileReference; lastKnownFileType = folder.assetcatalog; path = Images.xcassets; sourceTree = "<group>"; };
		6807F37917910862004281F0 /* AppDelegate.h */ = {isa = PBXFileReference; fileEncoding = 4; lastKnownFileType = sourcecode.c.h; path = AppDelegate.h; sourceTree = "<group>"; };
		6807F37A17910862004281F0 /* AppDelegate.m */ = {isa = PBXFileReference; fileEncoding = 4; lastKnownFileType = sourcecode.c.objc; path = AppDelegate.m; sourceTree = "<group>"; };
		6807F37B17910862004281F0 /* main.m */ = {isa = PBXFileReference; fileEncoding = 4; lastKnownFileType = sourcecode.c.objc; path = main.m; sourceTree = "<group>"; };
		6807F37F17910929004281F0 /* Base */ = {isa = PBXFileReference; lastKnownFileType = file.xib; name = Base; path = Base.lproj/MainMenu.xib; sourceTree = "<group>"; };
		6807F384179109D5004281F0 /* AbstractDecider.h */ = {isa = PBXFileReference; fileEncoding = 4; lastKnownFileType = sourcecode.c.h; path = AbstractDecider.h; sourceTree = "<group>"; };
		6807F385179109D5004281F0 /* AbstractDecider.m */ = {isa = PBXFileReference; fileEncoding = 4; lastKnownFileType = sourcecode.c.objc; path = AbstractDecider.m; sourceTree = "<group>"; };
		6807F386179109D5004281F0 /* Avalon.h */ = {isa = PBXFileReference; fileEncoding = 4; lastKnownFileType = sourcecode.c.h; path = Avalon.h; sourceTree = "<group>"; };
		6807F387179109D5004281F0 /* AvalonEngine.h */ = {isa = PBXFileReference; fileEncoding = 4; lastKnownFileType = sourcecode.c.h; path = AvalonEngine.h; sourceTree = "<group>"; };
		6807F388179109D5004281F0 /* AvalonEngine.m */ = {isa = PBXFileReference; fileEncoding = 4; lastKnownFileType = sourcecode.c.objc; path = AvalonEngine.m; sourceTree = "<group>"; };
		6807F389179109D5004281F0 /* AvalonGame.h */ = {isa = PBXFileReference; fileEncoding = 4; lastKnownFileType = sourcecode.c.h; path = AvalonGame.h; sourceTree = "<group>"; };
		6807F38A179109D5004281F0 /* AvalonGame.m */ = {isa = PBXFileReference; fileEncoding = 4; lastKnownFileType = sourcecode.c.objc; path = AvalonGame.m; sourceTree = "<group>"; };
		6807F38B179109D5004281F0 /* AvalonGameController.h */ = {isa = PBXFileReference; fileEncoding = 4; lastKnownFileType = sourcecode.c.h; path = AvalonGameController.h; sourceTree = "<group>"; };
		6807F38C179109D5004281F0 /* AvalonGameController.m */ = {isa = PBXFileReference; fileEncoding = 4; lastKnownFileType = sourcecode.c.objc; path = AvalonGameController.m; sourceTree = "<group>"; };
		6807F38D179109D5004281F0 /* AvalonJSExports.h */ = {isa = PBXFileReference; fileEncoding = 4; lastKnownFileType = sourcecode.c.h; path = AvalonJSExports.h; sourceTree = "<group>"; };
		6807F38E179109D5004281F0 /* AvalonPlayer.h */ = {isa = PBXFileReference; fileEncoding = 4; lastKnownFileType = sourcecode.c.h; path = AvalonPlayer.h; sourceTree = "<group>"; };
		6807F38F179109D5004281F0 /* AvalonPlayer.m */ = {isa = PBXFileReference; fileEncoding = 4; lastKnownFileType = sourcecode.c.objc; path = AvalonPlayer.m; sourceTree = "<group>"; };
		6807F390179109D5004281F0 /* AvalonProposal.h */ = {isa = PBXFileReference; fileEncoding = 4; lastKnownFileType = sourcecode.c.h; path = AvalonProposal.h; sourceTree = "<group>"; };
		6807F391179109D5004281F0 /* AvalonProposal.m */ = {isa = PBXFileReference; fileEncoding = 4; lastKnownFileType = sourcecode.c.objc; path = AvalonProposal.m; sourceTree = "<group>"; };
		6807F392179109D5004281F0 /* AvalonQuest.h */ = {isa = PBXFileReference; fileEncoding = 4; lastKnownFileType = sourcecode.c.h; path = AvalonQuest.h; sourceTree = "<group>"; };
		6807F393179109D5004281F0 /* AvalonQuest.m */ = {isa = PBXFileReference; fileEncoding = 4; lastKnownFileType = sourcecode.c.objc; path = AvalonQuest.m; sourceTree = "<group>"; };
		6807F394179109D5004281F0 /* AvalonRole.h */ = {isa = PBXFileReference; fileEncoding = 4; lastKnownFileType = sourcecode.c.h; path = AvalonRole.h; sourceTree = "<group>"; };
		6807F395179109D5004281F0 /* AvalonRole.m */ = {isa = PBXFileReference; fileEncoding = 4; lastKnownFileType = sourcecode.c.objc; path = AvalonRole.m; sourceTree = "<group>"; };
		6807F396179109D5004281F0 /* AvalonTypes.h */ = {isa = PBXFileReference; fileEncoding = 4; lastKnownFileType = sourcecode.c.h; path = AvalonTypes.h; sourceTree = "<group>"; };
		6807F397179109D5004281F0 /* JavaScriptDecider.h */ = {isa = PBXFileReference; fileEncoding = 4; lastKnownFileType = sourcecode.c.h; path = JavaScriptDecider.h; sourceTree = "<group>"; };
		6807F398179109D5004281F0 /* JavaScriptDecider.m */ = {isa = PBXFileReference; fileEncoding = 4; lastKnownFileType = sourcecode.c.objc; path = JavaScriptDecider.m; sourceTree = "<group>"; };
		68CDC42017910821004B01D4 /* Mac-Info.plist */ = {isa = PBXFileReference; lastKnownFileType = text.plist.xml; path = "Mac-Info.plist"; sourceTree = "<group>"; };
		68EF30B717910563006753A3 /* Amalon Mac Example.app */ = {isa = PBXFileReference; explicitFileType = wrapper.application; includeInIndex = 0; path = "Amalon Mac Example.app"; sourceTree = BUILT_PRODUCTS_DIR; };
		68EF30BA17910563006753A3 /* Cocoa.framework */ = {isa = PBXFileReference; lastKnownFileType = wrapper.framework; name = Cocoa.framework; path = System/Library/Frameworks/Cocoa.framework; sourceTree = SDKROOT; };
		68EF30BD17910563006753A3 /* AppKit.framework */ = {isa = PBXFileReference; lastKnownFileType = wrapper.framework; name = AppKit.framework; path = System/Library/Frameworks/AppKit.framework; sourceTree = SDKROOT; };
		68EF30BE17910563006753A3 /* CoreData.framework */ = {isa = PBXFileReference; lastKnownFileType = wrapper.framework; name = CoreData.framework; path = System/Library/Frameworks/CoreData.framework; sourceTree = SDKROOT; };
		68EF30BF17910563006753A3 /* Foundation.framework */ = {isa = PBXFileReference; lastKnownFileType = wrapper.framework; name = Foundation.framework; path = System/Library/Frameworks/Foundation.framework; sourceTree = SDKROOT; };
		68EF30D917910563006753A3 /* XCTest.framework */ = {isa = PBXFileReference; lastKnownFileType = wrapper.framework; name = XCTest.framework; path = Library/Frameworks/XCTest.framework; sourceTree = DEVELOPER_DIR; };
/* End PBXFileReference section */

/* Begin PBXFrameworksBuildPhase section */
		68EF30B417910563006753A3 /* Frameworks */ = {
			isa = PBXFrameworksBuildPhase;
			buildActionMask = 2147483647;
			files = (
				68EF30BB17910563006753A3 /* Cocoa.framework in Frameworks */,
			);
			runOnlyForDeploymentPostprocessing = 0;
		};
/* End PBXFrameworksBuildPhase section */

/* Begin PBXGroup section */
		6807F37817910862004281F0 /* Classes */ = {
			isa = PBXGroup;
			children = (
				6807F383179109D5004281F0 /* AvalonEngine */,
				6807F37917910862004281F0 /* AppDelegate.h */,
				6807F37A17910862004281F0 /* AppDelegate.m */,
				6807F37B17910862004281F0 /* main.m */,
			);
			path = Classes;
			sourceTree = "<group>";
		};
		6807F383179109D5004281F0 /* AvalonEngine */ = {
			isa = PBXGroup;
			children = (
				6807F384179109D5004281F0 /* AbstractDecider.h */,
				6807F385179109D5004281F0 /* AbstractDecider.m */,
				6807F386179109D5004281F0 /* Avalon.h */,
				6807F387179109D5004281F0 /* AvalonEngine.h */,
				6807F388179109D5004281F0 /* AvalonEngine.m */,
				6807F389179109D5004281F0 /* AvalonGame.h */,
				6807F38A179109D5004281F0 /* AvalonGame.m */,
				6807F38B179109D5004281F0 /* AvalonGameController.h */,
				6807F38C179109D5004281F0 /* AvalonGameController.m */,
				6807F38D179109D5004281F0 /* AvalonJSExports.h */,
				6807F38E179109D5004281F0 /* AvalonPlayer.h */,
				6807F38F179109D5004281F0 /* AvalonPlayer.m */,
				6807F390179109D5004281F0 /* AvalonProposal.h */,
				6807F391179109D5004281F0 /* AvalonProposal.m */,
				6807F392179109D5004281F0 /* AvalonQuest.h */,
				6807F393179109D5004281F0 /* AvalonQuest.m */,
				6807F394179109D5004281F0 /* AvalonRole.h */,
				6807F395179109D5004281F0 /* AvalonRole.m */,
				6807F396179109D5004281F0 /* AvalonTypes.h */,
				6807F397179109D5004281F0 /* JavaScriptDecider.h */,
				6807F398179109D5004281F0 /* JavaScriptDecider.m */,
			);
			name = AvalonEngine;
			path = ../../AvalonEngine;
			sourceTree = "<group>";
		};
		68EF30AE17910563006753A3 = {
			isa = PBXGroup;
			children = (
				6807F37E17910929004281F0 /* MainMenu.xib */,
				6807F37817910862004281F0 /* Classes */,
				6807F37717910840004281F0 /* Images.xcassets */,
				68CDC42017910821004B01D4 /* Mac-Info.plist */,
				68EF30B917910563006753A3 /* Frameworks */,
				68EF30B817910563006753A3 /* Products */,
			);
			sourceTree = "<group>";
		};
		68EF30B817910563006753A3 /* Products */ = {
			isa = PBXGroup;
			children = (
				68EF30B717910563006753A3 /* Amalon Mac Example.app */,
			);
			name = Products;
			sourceTree = "<group>";
		};
		68EF30B917910563006753A3 /* Frameworks */ = {
			isa = PBXGroup;
			children = (
				68EF30BA17910563006753A3 /* Cocoa.framework */,
				68EF30D917910563006753A3 /* XCTest.framework */,
				68EF30BC17910563006753A3 /* Other Frameworks */,
			);
			name = Frameworks;
			sourceTree = "<group>";
		};
		68EF30BC17910563006753A3 /* Other Frameworks */ = {
			isa = PBXGroup;
			children = (
				68EF30BD17910563006753A3 /* AppKit.framework */,
				68EF30BE17910563006753A3 /* CoreData.framework */,
				68EF30BF17910563006753A3 /* Foundation.framework */,
			);
			name = "Other Frameworks";
			sourceTree = "<group>";
		};
/* End PBXGroup section */

/* Begin PBXNativeTarget section */
		68EF30B617910563006753A3 /* Amalon Mac Example */ = {
			isa = PBXNativeTarget;
			buildConfigurationList = 68EF30E817910563006753A3 /* Build configuration list for PBXNativeTarget "Amalon Mac Example" */;
			buildPhases = (
				68EF30B317910563006753A3 /* Sources */,
				68EF30B417910563006753A3 /* Frameworks */,
				68EF30B517910563006753A3 /* Resources */,
			);
			buildRules = (
			);
			dependencies = (
			);
			name = "Amalon Mac Example";
			productName = "Amalon Mac Example";
			productReference = 68EF30B717910563006753A3 /* Amalon Mac Example.app */;
			productType = "com.apple.product-type.application";
		};
/* End PBXNativeTarget section */

/* Begin PBXProject section */
		68EF30AF17910563006753A3 /* Project object */ = {
			isa = PBXProject;
			attributes = {
				LastUpgradeCheck = 0500;
				ORGANIZATIONNAME = "Brandon Smith";
			};
			buildConfigurationList = 68EF30B217910563006753A3 /* Build configuration list for PBXProject "Amalon Mac Example" */;
			compatibilityVersion = "Xcode 3.2";
			developmentRegion = English;
			hasScannedForEncodings = 0;
			knownRegions = (
				en,
				Base,
			);
			mainGroup = 68EF30AE17910563006753A3;
			productRefGroup = 68EF30B817910563006753A3 /* Products */;
			projectDirPath = "";
			projectRoot = "";
			targets = (
				68EF30B617910563006753A3 /* Amalon Mac Example */,
			);
		};
/* End PBXProject section */

/* Begin PBXResourcesBuildPhase section */
		68EF30B517910563006753A3 /* Resources */ = {
			isa = PBXResourcesBuildPhase;
			buildActionMask = 2147483647;
			files = (
				6807F38017910929004281F0 /* MainMenu.xib in Resources */,
			);
			runOnlyForDeploymentPostprocessing = 0;
		};
/* End PBXResourcesBuildPhase section */

/* Begin PBXSourcesBuildPhase section */
		68EF30B317910563006753A3 /* Sources */ = {
			isa = PBXSourcesBuildPhase;
			buildActionMask = 2147483647;
			files = (
				6807F39C179109D5004281F0 /* AvalonGameController.m in Sources */,
				6807F39A179109D5004281F0 /* AvalonEngine.m in Sources */,
				6807F3A0179109D5004281F0 /* AvalonRole.m in Sources */,
				6807F39F179109D5004281F0 /* AvalonQuest.m in Sources */,
				6807F39D179109D5004281F0 /* AvalonPlayer.m in Sources */,
				6807F37D17910862004281F0 /* main.m in Sources */,
				6807F39E179109D5004281F0 /* AvalonProposal.m in Sources */,
				6807F37C17910862004281F0 /* AppDelegate.m in Sources */,
				6807F3A1179109D5004281F0 /* JavaScriptDecider.m in Sources */,
				6807F39B179109D5004281F0 /* AvalonGame.m in Sources */,
				6807F399179109D5004281F0 /* AbstractDecider.m in Sources */,
			);
			runOnlyForDeploymentPostprocessing = 0;
		};
/* End PBXSourcesBuildPhase section */

/* Begin PBXVariantGroup section */
		6807F37E17910929004281F0 /* MainMenu.xib */ = {
			isa = PBXVariantGroup;
			children = (
				6807F37F17910929004281F0 /* Base */,
			);
			name = MainMenu.xib;
			sourceTree = "<group>";
		};
/* End PBXVariantGroup section */

/* Begin XCBuildConfiguration section */
		68EF30E617910563006753A3 /* Debug */ = {
			isa = XCBuildConfiguration;
			buildSettings = {
				ALWAYS_SEARCH_USER_PATHS = NO;
				CLANG_CXX_LANGUAGE_STANDARD = "gnu++0x";
				CLANG_CXX_LIBRARY = "libc++";
				CLANG_ENABLE_MODULES = YES;
				CLANG_ENABLE_OBJC_ARC = YES;
				CLANG_WARN_BOOL_CONVERSION = YES;
				CLANG_WARN_CONSTANT_CONVERSION = YES;
				CLANG_WARN_DIRECT_OBJC_ISA_USAGE = YES_ERROR;
				CLANG_WARN_EMPTY_BODY = YES;
				CLANG_WARN_ENUM_CONVERSION = YES;
				CLANG_WARN_INT_CONVERSION = YES;
				CLANG_WARN_OBJC_ROOT_CLASS = YES_ERROR;
				CLANG_WARN__DUPLICATE_METHOD_MATCH = YES;
				COPY_PHASE_STRIP = NO;
				GCC_C_LANGUAGE_STANDARD = gnu99;
				GCC_DYNAMIC_NO_PIC = NO;
				GCC_ENABLE_OBJC_EXCEPTIONS = YES;
				GCC_OPTIMIZATION_LEVEL = 0;
				GCC_PREPROCESSOR_DEFINITIONS = (
					"DEBUG=1",
					"$(inherited)",
				);
				GCC_SYMBOLS_PRIVATE_EXTERN = NO;
				GCC_WARN_64_TO_32_BIT_CONVERSION = YES;
				GCC_WARN_ABOUT_RETURN_TYPE = YES_ERROR;
				GCC_WARN_UNDECLARED_SELECTOR = YES;
				GCC_WARN_UNINITIALIZED_AUTOS = YES;
				GCC_WARN_UNUSED_FUNCTION = YES;
				GCC_WARN_UNUSED_VARIABLE = YES;
				INFOPLIST_FILE = "Mac-Info.plist";
				MACOSX_DEPLOYMENT_TARGET = 10.9;
				ONLY_ACTIVE_ARCH = YES;
				SDKROOT = macosx;
			};
			name = Debug;
		};
		68EF30E717910563006753A3 /* Release */ = {
			isa = XCBuildConfiguration;
			buildSettings = {
				ALWAYS_SEARCH_USER_PATHS = NO;
				CLANG_CXX_LANGUAGE_STANDARD = "gnu++0x";
				CLANG_CXX_LIBRARY = "libc++";
				CLANG_ENABLE_MODULES = YES;
				CLANG_ENABLE_OBJC_ARC = YES;
				CLANG_WARN_BOOL_CONVERSION = YES;
				CLANG_WARN_CONSTANT_CONVERSION = YES;
				CLANG_WARN_DIRECT_OBJC_ISA_USAGE = YES_ERROR;
				CLANG_WARN_EMPTY_BODY = YES;
				CLANG_WARN_ENUM_CONVERSION = YES;
				CLANG_WARN_INT_CONVERSION = YES;
				CLANG_WARN_OBJC_ROOT_CLASS = YES_ERROR;
				CLANG_WARN__DUPLICATE_METHOD_MATCH = YES;
				COPY_PHASE_STRIP = YES;
				DEBUG_INFORMATION_FORMAT = "dwarf-with-dsym";
				ENABLE_NS_ASSERTIONS = NO;
				GCC_C_LANGUAGE_STANDARD = gnu99;
				GCC_ENABLE_OBJC_EXCEPTIONS = YES;
				GCC_WARN_64_TO_32_BIT_CONVERSION = YES;
				GCC_WARN_ABOUT_RETURN_TYPE = YES_ERROR;
				GCC_WARN_UNDECLARED_SELECTOR = YES;
				GCC_WARN_UNINITIALIZED_AUTOS = YES;
				GCC_WARN_UNUSED_FUNCTION = YES;
				GCC_WARN_UNUSED_VARIABLE = YES;
				INFOPLIST_FILE = "Mac-Info.plist";
				MACOSX_DEPLOYMENT_TARGET = 10.9;
				SDKROOT = macosx;
			};
			name = Release;
		};
		68EF30E917910563006753A3 /* Debug */ = {
			isa = XCBuildConfiguration;
			buildSettings = {
				ASSETCATALOG_COMPILER_APPICON_NAME = AppIcon;
				COMBINE_HIDPI_IMAGES = YES;
				GCC_PRECOMPILE_PREFIX_HEADER = YES;
				GCC_PREFIX_HEADER = Prefix.pch;
				INFOPLIST_FILE = "$(SRCROOT)/Mac-Info.plist";
				PRODUCT_NAME = "$(TARGET_NAME)";
				WRAPPER_EXTENSION = app;
			};
			name = Debug;
		};
		68EF30EA17910563006753A3 /* Release */ = {
			isa = XCBuildConfiguration;
			buildSettings = {
				ASSETCATALOG_COMPILER_APPICON_NAME = AppIcon;
				COMBINE_HIDPI_IMAGES = YES;
				GCC_PRECOMPILE_PREFIX_HEADER = YES;
				GCC_PREFIX_HEADER = Prefix.pch;
				INFOPLIST_FILE = "$(SRCROOT)/Mac-Info.plist";
				PRODUCT_NAME = "$(TARGET_NAME)";
				WRAPPER_EXTENSION = app;
			};
			name = Release;
		};
/* End XCBuildConfiguration section */

/* Begin XCConfigurationList section */
		68EF30B217910563006753A3 /* Build configuration list for PBXProject "Amalon Mac Example" */ = {
			isa = XCConfigurationList;
			buildConfigurations = (
				68EF30E617910563006753A3 /* Debug */,
				68EF30E717910563006753A3 /* Release */,
			);
			defaultConfigurationIsVisible = 0;
			defaultConfigurationName = Release;
		};
		68EF30E817910563006753A3 /* Build configuration list for PBXNativeTarget "Amalon Mac Example" */ = {
			isa = XCConfigurationList;
			buildConfigurations = (
				68EF30E917910563006753A3 /* Debug */,
				68EF30EA17910563006753A3 /* Release */,
			);
			defaultConfigurationIsVisible = 0;
			defaultConfigurationName = Release;
		};
/* End XCConfigurationList section */
	};
	rootObject = 68EF30AF17910563006753A3 /* Project object */;
}
