// !$*UTF8*$!
{
	archiveVersion = 1;
	classes = {
	};
	objectVersion = 46;
	objects = {

/* Begin PBXBuildFile section */
		6807F3AF17910A40004281F0 /* Foundation.framework in Frameworks */ = {isa = PBXBuildFile; fileRef = 6807F3AE17910A40004281F0 /* Foundation.framework */; };
		6807F3B117910A40004281F0 /* CoreGraphics.framework in Frameworks */ = {isa = PBXBuildFile; fileRef = 6807F3B017910A40004281F0 /* CoreGraphics.framework */; };
		6807F3B317910A40004281F0 /* UIKit.framework in Frameworks */ = {isa = PBXBuildFile; fileRef = 6807F3B217910A40004281F0 /* UIKit.framework */; };
		68FE595717910B96007E2D60 /* AppDelegate.m in Sources */ = {isa = PBXBuildFile; fileRef = 68FE595517910B96007E2D60 /* AppDelegate.m */; };
		68FE595817910B96007E2D60 /* main.m in Sources */ = {isa = PBXBuildFile; fileRef = 68FE595617910B96007E2D60 /* main.m */; };
		F1593FE91791D0410008BA89 /* random_bot.js in Resources */ = {isa = PBXBuildFile; fileRef = F1593FE71791D0410008BA89 /* random_bot.js */; };
		F1593FEA1791D0410008BA89 /* simple_bot.js in Resources */ = {isa = PBXBuildFile; fileRef = F1593FE81791D0410008BA89 /* simple_bot.js */; };
		FBCAC9B2D4A7472D8CA78F23 /* libPods-ios.a in Frameworks */ = {isa = PBXBuildFile; fileRef = 45C8B197E53B49A59ACF5BB0 /* libPods-ios.a */; };
/* End PBXBuildFile section */

/* Begin PBXFileReference section */
		06907FF54A23450DB17C55BF /* Pods-ios.xcconfig */ = {isa = PBXFileReference; includeInIndex = 1; lastKnownFileType = text.xcconfig; name = "Pods-ios.xcconfig"; path = "Pods/Pods-ios.xcconfig"; sourceTree = SOURCE_ROOT; };
		45C8B197E53B49A59ACF5BB0 /* libPods-ios.a */ = {isa = PBXFileReference; explicitFileType = archive.ar; includeInIndex = 0; path = "libPods-ios.a"; sourceTree = BUILT_PRODUCTS_DIR; };
		6807F3AB17910A40004281F0 /* Amalon iOS Example.app */ = {isa = PBXFileReference; explicitFileType = wrapper.application; includeInIndex = 0; path = "Amalon iOS Example.app"; sourceTree = BUILT_PRODUCTS_DIR; };
		6807F3AE17910A40004281F0 /* Foundation.framework */ = {isa = PBXFileReference; lastKnownFileType = wrapper.framework; name = Foundation.framework; path = System/Library/Frameworks/Foundation.framework; sourceTree = SDKROOT; };
		6807F3B017910A40004281F0 /* CoreGraphics.framework */ = {isa = PBXFileReference; lastKnownFileType = wrapper.framework; name = CoreGraphics.framework; path = System/Library/Frameworks/CoreGraphics.framework; sourceTree = SDKROOT; };
		6807F3B217910A40004281F0 /* UIKit.framework */ = {isa = PBXFileReference; lastKnownFileType = wrapper.framework; name = UIKit.framework; path = System/Library/Frameworks/UIKit.framework; sourceTree = SDKROOT; };
		6807F3C717910A40004281F0 /* XCTest.framework */ = {isa = PBXFileReference; lastKnownFileType = wrapper.framework; name = XCTest.framework; path = Library/Frameworks/XCTest.framework; sourceTree = DEVELOPER_DIR; };
		6807F3DD17910B26004281F0 /* Images.xcassets */ = {isa = PBXFileReference; lastKnownFileType = folder.assetcatalog; path = Images.xcassets; sourceTree = "<group>"; };
		6807F3DE17910B26004281F0 /* iOS-Info.plist */ = {isa = PBXFileReference; lastKnownFileType = text.plist.xml; path = "iOS-Info.plist"; sourceTree = "<group>"; };
		68FE595417910B96007E2D60 /* AppDelegate.h */ = {isa = PBXFileReference; fileEncoding = 4; lastKnownFileType = sourcecode.c.h; path = AppDelegate.h; sourceTree = "<group>"; };
		68FE595517910B96007E2D60 /* AppDelegate.m */ = {isa = PBXFileReference; fileEncoding = 4; lastKnownFileType = sourcecode.c.objc; path = AppDelegate.m; sourceTree = "<group>"; };
		68FE595617910B96007E2D60 /* main.m */ = {isa = PBXFileReference; fileEncoding = 4; lastKnownFileType = sourcecode.c.objc; path = main.m; sourceTree = "<group>"; };
		F1593FE71791D0410008BA89 /* random_bot.js */ = {isa = PBXFileReference; fileEncoding = 4; lastKnownFileType = sourcecode.javascript; path = random_bot.js; sourceTree = "<group>"; };
		F1593FE81791D0410008BA89 /* simple_bot.js */ = {isa = PBXFileReference; fileEncoding = 4; lastKnownFileType = sourcecode.javascript; path = simple_bot.js; sourceTree = "<group>"; };
/* End PBXFileReference section */

/* Begin PBXFrameworksBuildPhase section */
		6807F3A817910A40004281F0 /* Frameworks */ = {
			isa = PBXFrameworksBuildPhase;
			buildActionMask = 2147483647;
			files = (
				6807F3B117910A40004281F0 /* CoreGraphics.framework in Frameworks */,
				6807F3B317910A40004281F0 /* UIKit.framework in Frameworks */,
				6807F3AF17910A40004281F0 /* Foundation.framework in Frameworks */,
				FBCAC9B2D4A7472D8CA78F23 /* libPods-ios.a in Frameworks */,
			);
			runOnlyForDeploymentPostprocessing = 0;
		};
/* End PBXFrameworksBuildPhase section */

/* Begin PBXGroup section */
		6807F3A217910A40004281F0 = {
			isa = PBXGroup;
			children = (
				F1593FE61791D0410008BA89 /* ExampleBots */,
				68FE595317910B96007E2D60 /* Classes */,
				6807F3DD17910B26004281F0 /* Images.xcassets */,
				6807F3DE17910B26004281F0 /* iOS-Info.plist */,
				6807F3AD17910A40004281F0 /* Frameworks */,
				6807F3AC17910A40004281F0 /* Products */,
				06907FF54A23450DB17C55BF /* Pods-ios.xcconfig */,
			);
			sourceTree = "<group>";
		};
		6807F3AC17910A40004281F0 /* Products */ = {
			isa = PBXGroup;
			children = (
				6807F3AB17910A40004281F0 /* Amalon iOS Example.app */,
			);
			name = Products;
			sourceTree = "<group>";
		};
		6807F3AD17910A40004281F0 /* Frameworks */ = {
			isa = PBXGroup;
			children = (
				6807F3AE17910A40004281F0 /* Foundation.framework */,
				6807F3B017910A40004281F0 /* CoreGraphics.framework */,
				6807F3B217910A40004281F0 /* UIKit.framework */,
				6807F3C717910A40004281F0 /* XCTest.framework */,
				45C8B197E53B49A59ACF5BB0 /* libPods-ios.a */,
			);
			name = Frameworks;
			sourceTree = "<group>";
		};
		68FE595317910B96007E2D60 /* Classes */ = {
			isa = PBXGroup;
			children = (
				68FE595417910B96007E2D60 /* AppDelegate.h */,
				68FE595517910B96007E2D60 /* AppDelegate.m */,
				68FE595617910B96007E2D60 /* main.m */,
			);
			path = Classes;
			sourceTree = "<group>";
		};
		F1593FE61791D0410008BA89 /* ExampleBots */ = {
			isa = PBXGroup;
			children = (
				F1593FE71791D0410008BA89 /* random_bot.js */,
				F1593FE81791D0410008BA89 /* simple_bot.js */,
			);
			name = ExampleBots;
			path = ../ExampleBots;
			sourceTree = "<group>";
		};
/* End PBXGroup section */

/* Begin PBXNativeTarget section */
		6807F3AA17910A40004281F0 /* Amalon iOS Example */ = {
			isa = PBXNativeTarget;
			buildConfigurationList = 6807F3D717910A40004281F0 /* Build configuration list for PBXNativeTarget "Amalon iOS Example" */;
			buildPhases = (
				114267A8EB554C8CB89A44FC /* Check Pods Manifest.lock */,
				6807F3A717910A40004281F0 /* Sources */,
				6807F3A817910A40004281F0 /* Frameworks */,
				6807F3A917910A40004281F0 /* Resources */,
				B59E72D61BEE486497BBBCBE /* Copy Pods Resources */,
			);
			buildRules = (
			);
			dependencies = (
			);
			name = "Amalon iOS Example";
			productName = "Amalon iOS Example";
			productReference = 6807F3AB17910A40004281F0 /* Amalon iOS Example.app */;
			productType = "com.apple.product-type.application";
		};
/* End PBXNativeTarget section */

/* Begin PBXProject section */
		6807F3A317910A40004281F0 /* Project object */ = {
			isa = PBXProject;
			attributes = {
				LastUpgradeCheck = 0500;
				ORGANIZATIONNAME = "Brandon Smith";
			};
			buildConfigurationList = 6807F3A617910A40004281F0 /* Build configuration list for PBXProject "Amalon iOS Example" */;
			compatibilityVersion = "Xcode 3.2";
			developmentRegion = English;
			hasScannedForEncodings = 0;
			knownRegions = (
				en,
			);
			mainGroup = 6807F3A217910A40004281F0;
			productRefGroup = 6807F3AC17910A40004281F0 /* Products */;
			projectDirPath = "";
			projectRoot = "";
			targets = (
				6807F3AA17910A40004281F0 /* Amalon iOS Example */,
			);
		};
/* End PBXProject section */

/* Begin PBXResourcesBuildPhase section */
		6807F3A917910A40004281F0 /* Resources */ = {
			isa = PBXResourcesBuildPhase;
			buildActionMask = 2147483647;
			files = (
				F1593FE91791D0410008BA89 /* random_bot.js in Resources */,
				F1593FEA1791D0410008BA89 /* simple_bot.js in Resources */,
			);
			runOnlyForDeploymentPostprocessing = 0;
		};
/* End PBXResourcesBuildPhase section */

/* Begin PBXShellScriptBuildPhase section */
		114267A8EB554C8CB89A44FC /* Check Pods Manifest.lock */ = {
			isa = PBXShellScriptBuildPhase;
			buildActionMask = 2147483647;
			files = (
			);
			inputPaths = (
			);
			name = "Check Pods Manifest.lock";
			outputPaths = (
			);
			runOnlyForDeploymentPostprocessing = 0;
			shellPath = /bin/sh;
			shellScript = "diff \"${PODS_ROOT}/../Podfile.lock\" \"${PODS_ROOT}/Manifest.lock\" > /dev/null\nif [[ $? != 0 ]] ; then\n    cat << EOM\nerror: The sandbox is not in sync with the Podfile.lock. Run 'pod install' or update your CocoaPods installation.\nEOM\n    exit 1\nfi\n";
		};
		B59E72D61BEE486497BBBCBE /* Copy Pods Resources */ = {
			isa = PBXShellScriptBuildPhase;
			buildActionMask = 2147483647;
			files = (
			);
			inputPaths = (
			);
			name = "Copy Pods Resources";
			outputPaths = (
			);
			runOnlyForDeploymentPostprocessing = 0;
			shellPath = /bin/sh;
			shellScript = "\"${SRCROOT}/Pods/Pods-ios-resources.sh\"\n";
		};
/* End PBXShellScriptBuildPhase section */

/* Begin PBXSourcesBuildPhase section */
		6807F3A717910A40004281F0 /* Sources */ = {
			isa = PBXSourcesBuildPhase;
			buildActionMask = 2147483647;
			files = (
				68FE595817910B96007E2D60 /* main.m in Sources */,
				68FE595717910B96007E2D60 /* AppDelegate.m in Sources */,
			);
			runOnlyForDeploymentPostprocessing = 0;
		};
/* End PBXSourcesBuildPhase section */

/* Begin XCBuildConfiguration section */
		6807F3D517910A40004281F0 /* Debug */ = {
			isa = XCBuildConfiguration;
			buildSettings = {
				ALWAYS_SEARCH_USER_PATHS = NO;
				CLANG_CXX_LANGUAGE_STANDARD = "gnu++0x";
				CLANG_CXX_LIBRARY = "libc++";
				CLANG_ENABLE_MODULES = YES;
				CLANG_ENABLE_OBJC_ARC = YES;
				CLANG_WARN_BOOL_CONVERSION = YES;
				CLANG_WARN_CONSTANT_CONVERSION = YES;
				CLANG_WARN_DIRECT_OBJC_ISA_USAGE = YES_ERROR;
				CLANG_WARN_EMPTY_BODY = YES;
				CLANG_WARN_ENUM_CONVERSION = YES;
				CLANG_WARN_INT_CONVERSION = YES;
				CLANG_WARN_OBJC_ROOT_CLASS = YES_ERROR;
				CLANG_WARN__DUPLICATE_METHOD_MATCH = YES;
				"CODE_SIGN_IDENTITY[sdk=iphoneos*]" = "iPhone Developer";
				COPY_PHASE_STRIP = NO;
				GCC_C_LANGUAGE_STANDARD = gnu99;
				GCC_DYNAMIC_NO_PIC = NO;
				GCC_OPTIMIZATION_LEVEL = 0;
				GCC_PRECOMPILE_PREFIX_HEADER = YES;
				GCC_PREFIX_HEADER = Prefix.pch;
				GCC_PREPROCESSOR_DEFINITIONS = (
					"DEBUG=1",
					"$(inherited)",
				);
				GCC_SYMBOLS_PRIVATE_EXTERN = NO;
				GCC_WARN_ABOUT_RETURN_TYPE = YES_ERROR;
				GCC_WARN_UNDECLARED_SELECTOR = YES;
				GCC_WARN_UNINITIALIZED_AUTOS = YES;
				GCC_WARN_UNUSED_FUNCTION = YES;
				GCC_WARN_UNUSED_VARIABLE = YES;
				INFOPLIST_FILE = "iOS-Info.plist";
				IPHONEOS_DEPLOYMENT_TARGET = 7.0;
				ONLY_ACTIVE_ARCH = YES;
				SDKROOT = iphoneos;
				TARGETED_DEVICE_FAMILY = "1,2";
			};
			name = Debug;
		};
		6807F3D617910A40004281F0 /* Release */ = {
			isa = XCBuildConfiguration;
			buildSettings = {
				ALWAYS_SEARCH_USER_PATHS = NO;
				CLANG_CXX_LANGUAGE_STANDARD = "gnu++0x";
				CLANG_CXX_LIBRARY = "libc++";
				CLANG_ENABLE_MODULES = YES;
				CLANG_ENABLE_OBJC_ARC = YES;
				CLANG_WARN_BOOL_CONVERSION = YES;
				CLANG_WARN_CONSTANT_CONVERSION = YES;
				CLANG_WARN_DIRECT_OBJC_ISA_USAGE = YES_ERROR;
				CLANG_WARN_EMPTY_BODY = YES;
				CLANG_WARN_ENUM_CONVERSION = YES;
				CLANG_WARN_INT_CONVERSION = YES;
				CLANG_WARN_OBJC_ROOT_CLASS = YES_ERROR;
				CLANG_WARN__DUPLICATE_METHOD_MATCH = YES;
				"CODE_SIGN_IDENTITY[sdk=iphoneos*]" = "iPhone Developer";
				COPY_PHASE_STRIP = YES;
				ENABLE_NS_ASSERTIONS = NO;
				GCC_C_LANGUAGE_STANDARD = gnu99;
				GCC_PRECOMPILE_PREFIX_HEADER = YES;
				GCC_PREFIX_HEADER = Prefix.pch;
				GCC_WARN_ABOUT_RETURN_TYPE = YES_ERROR;
				GCC_WARN_UNDECLARED_SELECTOR = YES;
				GCC_WARN_UNINITIALIZED_AUTOS = YES;
				GCC_WARN_UNUSED_FUNCTION = YES;
				GCC_WARN_UNUSED_VARIABLE = YES;
				INFOPLIST_FILE = "iOS-Info.plist";
				IPHONEOS_DEPLOYMENT_TARGET = 7.0;
				SDKROOT = iphoneos;
				TARGETED_DEVICE_FAMILY = "1,2";
				VALIDATE_PRODUCT = YES;
			};
			name = Release;
		};
		6807F3D817910A40004281F0 /* Debug */ = {
			isa = XCBuildConfiguration;
			baseConfigurationReference = 06907FF54A23450DB17C55BF /* Pods-ios.xcconfig */;
			buildSettings = {
				ASSETCATALOG_COMPILER_APPICON_NAME = AppIcon;
				ASSETCATALOG_COMPILER_LAUNCHIMAGE_NAME = LaunchImage;
				GCC_PRECOMPILE_PREFIX_HEADER = YES;
				GCC_PREFIX_HEADER = Prefix.pch;
				INFOPLIST_FILE = "$(SRCROOT)/iOS-Info.plist";
				PRODUCT_NAME = "$(TARGET_NAME)";
				WRAPPER_EXTENSION = app;
			};
			name = Debug;
		};
		6807F3D917910A40004281F0 /* Release */ = {
			isa = XCBuildConfiguration;
			baseConfigurationReference = 06907FF54A23450DB17C55BF /* Pods-ios.xcconfig */;
			buildSettings = {
				ASSETCATALOG_COMPILER_APPICON_NAME = AppIcon;
				ASSETCATALOG_COMPILER_LAUNCHIMAGE_NAME = LaunchImage;
				GCC_PRECOMPILE_PREFIX_HEADER = YES;
				GCC_PREFIX_HEADER = Prefix.pch;
				INFOPLIST_FILE = "$(SRCROOT)/iOS-Info.plist";
				PRODUCT_NAME = "$(TARGET_NAME)";
				WRAPPER_EXTENSION = app;
			};
			name = Release;
		};
/* End XCBuildConfiguration section */

/* Begin XCConfigurationList section */
		6807F3A617910A40004281F0 /* Build configuration list for PBXProject "Amalon iOS Example" */ = {
			isa = XCConfigurationList;
			buildConfigurations = (
				6807F3D517910A40004281F0 /* Debug */,
				6807F3D617910A40004281F0 /* Release */,
			);
			defaultConfigurationIsVisible = 0;
			defaultConfigurationName = Release;
		};
		6807F3D717910A40004281F0 /* Build configuration list for PBXNativeTarget "Amalon iOS Example" */ = {
			isa = XCConfigurationList;
			buildConfigurations = (
				6807F3D817910A40004281F0 /* Debug */,
				6807F3D917910A40004281F0 /* Release */,
			);
			defaultConfigurationIsVisible = 0;
			defaultConfigurationName = Release;
		};
/* End XCConfigurationList section */
	};
	rootObject = 6807F3A317910A40004281F0 /* Project object */;
}
