// !$*UTF8*$!
{
	archiveVersion = 1;
	classes = {
	};
	objectVersion = 46;
	objects = {

/* Begin PBXBuildFile section */
		F141568B178F13290077CD29 /* random_bot.js in Sources */ = {isa = PBXBuildFile; fileRef = F1415689178F13290077CD29 /* random_bot.js */; };
		F141568C178F13290077CD29 /* simple_bot.js in Sources */ = {isa = PBXBuildFile; fileRef = F141568A178F13290077CD29 /* simple_bot.js */; };
		F141568D178F13AC0077CD29 /* random_bot.js in Resources */ = {isa = PBXBuildFile; fileRef = F1415689178F13290077CD29 /* random_bot.js */; };
		F141568E178F13AC0077CD29 /* simple_bot.js in Resources */ = {isa = PBXBuildFile; fileRef = F141568A178F13290077CD29 /* simple_bot.js */; };
		F1C028CD178E5AAF00D87BD3 /* libAvalonEngineIOS.a in Frameworks */ = {isa = PBXBuildFile; fileRef = F1C028CC178E5AAF00D87BD3 /* libAvalonEngineIOS.a */; };
		F1D26230178D1BFB0076AF97 /* Foundation.framework in Frameworks */ = {isa = PBXBuildFile; fileRef = F1D2622F178D1BFB0076AF97 /* Foundation.framework */; };
		F1D26232178D1BFB0076AF97 /* CoreGraphics.framework in Frameworks */ = {isa = PBXBuildFile; fileRef = F1D26231178D1BFB0076AF97 /* CoreGraphics.framework */; };
		F1D26234178D1BFB0076AF97 /* UIKit.framework in Frameworks */ = {isa = PBXBuildFile; fileRef = F1D26233178D1BFB0076AF97 /* UIKit.framework */; };
		F1D2623A178D1BFB0076AF97 /* InfoPlist.strings in Resources */ = {isa = PBXBuildFile; fileRef = F1D26238178D1BFB0076AF97 /* InfoPlist.strings */; };
		F1D2623C178D1BFB0076AF97 /* main.m in Sources */ = {isa = PBXBuildFile; fileRef = F1D2623B178D1BFB0076AF97 /* main.m */; };
		F1D2624B178D1BFB0076AF97 /* Images.xcassets in Resources */ = {isa = PBXBuildFile; fileRef = F1D2624A178D1BFB0076AF97 /* Images.xcassets */; };
		F1D26252178D1BFB0076AF97 /* XCTest.framework in Frameworks */ = {isa = PBXBuildFile; fileRef = F1D26251178D1BFB0076AF97 /* XCTest.framework */; };
		F1D26253178D1BFB0076AF97 /* Foundation.framework in Frameworks */ = {isa = PBXBuildFile; fileRef = F1D2622F178D1BFB0076AF97 /* Foundation.framework */; };
		F1D26254178D1BFB0076AF97 /* UIKit.framework in Frameworks */ = {isa = PBXBuildFile; fileRef = F1D26233178D1BFB0076AF97 /* UIKit.framework */; };
		F1D2625C178D1BFB0076AF97 /* InfoPlist.strings in Resources */ = {isa = PBXBuildFile; fileRef = F1D2625A178D1BFB0076AF97 /* InfoPlist.strings */; };
		F1D2625E178D1BFB0076AF97 /* AmalonIOSTests.m in Sources */ = {isa = PBXBuildFile; fileRef = F1D2625D178D1BFB0076AF97 /* AmalonIOSTests.m */; };
		F1D26278178D1C190076AF97 /* QuestCell.m in Sources */ = {isa = PBXBuildFile; fileRef = F1D26271178D1C190076AF97 /* QuestCell.m */; };
		F1D26279178D1C190076AF97 /* QuestPlayersView.m in Sources */ = {isa = PBXBuildFile; fileRef = F1D26273178D1C190076AF97 /* QuestPlayersView.m */; };
		F1D2627A178D1C190076AF97 /* AppDelegate.m in Sources */ = {isa = PBXBuildFile; fileRef = F1D26275178D1C190076AF97 /* AppDelegate.m */; };
		F1D2627B178D1C190076AF97 /* ReplayViewController.m in Sources */ = {isa = PBXBuildFile; fileRef = F1D26277178D1C190076AF97 /* ReplayViewController.m */; };
/* End PBXBuildFile section */

/* Begin PBXContainerItemProxy section */
		F1D26255178D1BFB0076AF97 /* PBXContainerItemProxy */ = {
			isa = PBXContainerItemProxy;
			containerPortal = F1D26224178D1BFB0076AF97 /* Project object */;
			proxyType = 1;
			remoteGlobalIDString = F1D2622B178D1BFB0076AF97;
			remoteInfo = AmalonIOS;
		};
/* End PBXContainerItemProxy section */

/* Begin PBXFileReference section */
		F1415689178F13290077CD29 /* random_bot.js */ = {isa = PBXFileReference; fileEncoding = 4; lastKnownFileType = sourcecode.javascript; path = random_bot.js; sourceTree = "<group>"; };
		F141568A178F13290077CD29 /* simple_bot.js */ = {isa = PBXFileReference; fileEncoding = 4; lastKnownFileType = sourcecode.javascript; path = simple_bot.js; sourceTree = "<group>"; };
		F1C02873178E541500D87BD3 /* libAvalonEngineIOS.a */ = {isa = PBXFileReference; lastKnownFileType = archive.ar; name = libAvalonEngineIOS.a; path = "build/Debug-iphoneos/libAvalonEngineIOS.a"; sourceTree = "<group>"; };
		F1C028CA178E572E00D87BD3 /* libAvalonEngineIOS.a */ = {isa = PBXFileReference; lastKnownFileType = archive.ar; name = libAvalonEngineIOS.a; path = "build/Debug-iphoneos/libAvalonEngineIOS.a"; sourceTree = "<group>"; };
		F1C028CC178E5AAF00D87BD3 /* libAvalonEngineIOS.a */ = {isa = PBXFileReference; lastKnownFileType = archive.ar; name = libAvalonEngineIOS.a; path = "build/Debug-iphoneos/libAvalonEngineIOS.a"; sourceTree = "<group>"; };
		F1D2622C178D1BFB0076AF97 /* AmalonIOS.app */ = {isa = PBXFileReference; explicitFileType = wrapper.application; includeInIndex = 0; path = AmalonIOS.app; sourceTree = BUILT_PRODUCTS_DIR; };
		F1D2622F178D1BFB0076AF97 /* Foundation.framework */ = {isa = PBXFileReference; lastKnownFileType = wrapper.framework; name = Foundation.framework; path = System/Library/Frameworks/Foundation.framework; sourceTree = SDKROOT; };
		F1D26231178D1BFB0076AF97 /* CoreGraphics.framework */ = {isa = PBXFileReference; lastKnownFileType = wrapper.framework; name = CoreGraphics.framework; path = System/Library/Frameworks/CoreGraphics.framework; sourceTree = SDKROOT; };
		F1D26233178D1BFB0076AF97 /* UIKit.framework */ = {isa = PBXFileReference; lastKnownFileType = wrapper.framework; name = UIKit.framework; path = System/Library/Frameworks/UIKit.framework; sourceTree = SDKROOT; };
		F1D26237178D1BFB0076AF97 /* AmalonIOS-Info.plist */ = {isa = PBXFileReference; lastKnownFileType = text.plist.xml; path = "AmalonIOS-Info.plist"; sourceTree = "<group>"; };
		F1D26239178D1BFB0076AF97 /* en */ = {isa = PBXFileReference; lastKnownFileType = text.plist.strings; name = en; path = en.lproj/InfoPlist.strings; sourceTree = "<group>"; };
		F1D2623B178D1BFB0076AF97 /* main.m */ = {isa = PBXFileReference; lastKnownFileType = sourcecode.c.objc; path = main.m; sourceTree = "<group>"; };
		F1D2623D178D1BFB0076AF97 /* AmalonIOS-Prefix.pch */ = {isa = PBXFileReference; lastKnownFileType = sourcecode.c.h; path = "AmalonIOS-Prefix.pch"; sourceTree = "<group>"; };
		F1D2624A178D1BFB0076AF97 /* Images.xcassets */ = {isa = PBXFileReference; lastKnownFileType = folder.assetcatalog; path = Images.xcassets; sourceTree = "<group>"; };
		F1D26250178D1BFB0076AF97 /* AmalonIOSTests.xctest */ = {isa = PBXFileReference; explicitFileType = wrapper.cfbundle; includeInIndex = 0; path = AmalonIOSTests.xctest; sourceTree = BUILT_PRODUCTS_DIR; };
		F1D26251178D1BFB0076AF97 /* XCTest.framework */ = {isa = PBXFileReference; lastKnownFileType = wrapper.framework; name = XCTest.framework; path = Library/Frameworks/XCTest.framework; sourceTree = DEVELOPER_DIR; };
		F1D26259178D1BFB0076AF97 /* AmalonIOSTests-Info.plist */ = {isa = PBXFileReference; lastKnownFileType = text.plist.xml; path = "AmalonIOSTests-Info.plist"; sourceTree = "<group>"; };
		F1D2625B178D1BFB0076AF97 /* en */ = {isa = PBXFileReference; lastKnownFileType = text.plist.strings; name = en; path = en.lproj/InfoPlist.strings; sourceTree = "<group>"; };
		F1D2625D178D1BFB0076AF97 /* AmalonIOSTests.m */ = {isa = PBXFileReference; lastKnownFileType = sourcecode.c.objc; path = AmalonIOSTests.m; sourceTree = "<group>"; };
		F1D26270178D1C190076AF97 /* QuestCell.h */ = {isa = PBXFileReference; fileEncoding = 4; lastKnownFileType = sourcecode.c.h; path = QuestCell.h; sourceTree = "<group>"; };
		F1D26271178D1C190076AF97 /* QuestCell.m */ = {isa = PBXFileReference; fileEncoding = 4; lastKnownFileType = sourcecode.c.objc; path = QuestCell.m; sourceTree = "<group>"; };
		F1D26272178D1C190076AF97 /* QuestPlayersView.h */ = {isa = PBXFileReference; fileEncoding = 4; lastKnownFileType = sourcecode.c.h; path = QuestPlayersView.h; sourceTree = "<group>"; };
		F1D26273178D1C190076AF97 /* QuestPlayersView.m */ = {isa = PBXFileReference; fileEncoding = 4; lastKnownFileType = sourcecode.c.objc; path = QuestPlayersView.m; sourceTree = "<group>"; };
		F1D26274178D1C190076AF97 /* AppDelegate.h */ = {isa = PBXFileReference; fileEncoding = 4; lastKnownFileType = sourcecode.c.h; path = AppDelegate.h; sourceTree = "<group>"; };
		F1D26275178D1C190076AF97 /* AppDelegate.m */ = {isa = PBXFileReference; fileEncoding = 4; lastKnownFileType = sourcecode.c.objc; path = AppDelegate.m; sourceTree = "<group>"; };
		F1D26276178D1C190076AF97 /* ReplayViewController.h */ = {isa = PBXFileReference; fileEncoding = 4; lastKnownFileType = sourcecode.c.h; path = ReplayViewController.h; sourceTree = "<group>"; };
		F1D26277178D1C190076AF97 /* ReplayViewController.m */ = {isa = PBXFileReference; fileEncoding = 4; lastKnownFileType = sourcecode.c.objc; path = ReplayViewController.m; sourceTree = "<group>"; };
		F1D262E1178D1D800076AF97 /* AmalonEngine.dylib */ = {isa = PBXFileReference; lastKnownFileType = "compiled.mach-o.dylib"; name = AmalonEngine.dylib; path = "../../../Library/Developer/Xcode/DerivedData/Amalon-fpwigmrsewsythastgoraebxhxku/Build/Products/Debug/AmalonEngine.dylib"; sourceTree = "<group>"; };
		F1E57B2D178D2389004073BC /* libAmalonEngineIOS.a */ = {isa = PBXFileReference; lastKnownFileType = archive.ar; name = libAmalonEngineIOS.a; path = "../../../Library/Developer/Xcode/DerivedData/Amalon-fpwigmrsewsythastgoraebxhxku/Build/Products/Debug-iphoneos/libAmalonEngineIOS.a"; sourceTree = "<group>"; };
/* End PBXFileReference section */

/* Begin PBXFrameworksBuildPhase section */
		F1D26229178D1BFB0076AF97 /* Frameworks */ = {
			isa = PBXFrameworksBuildPhase;
			buildActionMask = 2147483647;
			files = (
				F1C028CD178E5AAF00D87BD3 /* libAvalonEngineIOS.a in Frameworks */,
				F1D26232178D1BFB0076AF97 /* CoreGraphics.framework in Frameworks */,
				F1D26234178D1BFB0076AF97 /* UIKit.framework in Frameworks */,
				F1D26230178D1BFB0076AF97 /* Foundation.framework in Frameworks */,
			);
			runOnlyForDeploymentPostprocessing = 0;
		};
		F1D2624D178D1BFB0076AF97 /* Frameworks */ = {
			isa = PBXFrameworksBuildPhase;
			buildActionMask = 2147483647;
			files = (
				F1D26252178D1BFB0076AF97 /* XCTest.framework in Frameworks */,
				F1D26254178D1BFB0076AF97 /* UIKit.framework in Frameworks */,
				F1D26253178D1BFB0076AF97 /* Foundation.framework in Frameworks */,
			);
			runOnlyForDeploymentPostprocessing = 0;
		};
/* End PBXFrameworksBuildPhase section */

/* Begin PBXGroup section */
		F1415688178F13290077CD29 /* ExampleBots */ = {
			isa = PBXGroup;
			children = (
				F1415689178F13290077CD29 /* random_bot.js */,
				F141568A178F13290077CD29 /* simple_bot.js */,
			);
			path = ExampleBots;
			sourceTree = "<group>";
		};
		F1D26223178D1BFB0076AF97 = {
			isa = PBXGroup;
			children = (
				F1415688178F13290077CD29 /* ExampleBots */,
				F1D26235178D1BFB0076AF97 /* AmalonIOS */,
				F1D26257178D1BFB0076AF97 /* AmalonIOSTests */,
				F1D2622E178D1BFB0076AF97 /* Frameworks */,
				F1D2622D178D1BFB0076AF97 /* Products */,
			);
			sourceTree = "<group>";
		};
		F1D2622D178D1BFB0076AF97 /* Products */ = {
			isa = PBXGroup;
			children = (
				F1D2622C178D1BFB0076AF97 /* AmalonIOS.app */,
				F1D26250178D1BFB0076AF97 /* AmalonIOSTests.xctest */,
			);
			name = Products;
			sourceTree = "<group>";
		};
		F1D2622E178D1BFB0076AF97 /* Frameworks */ = {
			isa = PBXGroup;
			children = (
				F1C028CC178E5AAF00D87BD3 /* libAvalonEngineIOS.a */,
				F1C028CA178E572E00D87BD3 /* libAvalonEngineIOS.a */,
				F1C02873178E541500D87BD3 /* libAvalonEngineIOS.a */,
				F1E57B2D178D2389004073BC /* libAmalonEngineIOS.a */,
				F1D262E1178D1D800076AF97 /* AmalonEngine.dylib */,
				F1D2622F178D1BFB0076AF97 /* Foundation.framework */,
				F1D26231178D1BFB0076AF97 /* CoreGraphics.framework */,
				F1D26233178D1BFB0076AF97 /* UIKit.framework */,
				F1D26251178D1BFB0076AF97 /* XCTest.framework */,
			);
			name = Frameworks;
			sourceTree = "<group>";
		};
		F1D26235178D1BFB0076AF97 /* AmalonIOS */ = {
			isa = PBXGroup;
			children = (
				F1D26270178D1C190076AF97 /* QuestCell.h */,
				F1D26271178D1C190076AF97 /* QuestCell.m */,
				F1D26272178D1C190076AF97 /* QuestPlayersView.h */,
				F1D26273178D1C190076AF97 /* QuestPlayersView.m */,
				F1D26274178D1C190076AF97 /* AppDelegate.h */,
				F1D26275178D1C190076AF97 /* AppDelegate.m */,
				F1D26276178D1C190076AF97 /* ReplayViewController.h */,
				F1D26277178D1C190076AF97 /* ReplayViewController.m */,
				F1D2624A178D1BFB0076AF97 /* Images.xcassets */,
				F1D26236178D1BFB0076AF97 /* Supporting Files */,
			);
			path = AmalonIOS;
			sourceTree = "<group>";
		};
		F1D26236178D1BFB0076AF97 /* Supporting Files */ = {
			isa = PBXGroup;
			children = (
				F1D26237178D1BFB0076AF97 /* AmalonIOS-Info.plist */,
				F1D26238178D1BFB0076AF97 /* InfoPlist.strings */,
				F1D2623B178D1BFB0076AF97 /* main.m */,
				F1D2623D178D1BFB0076AF97 /* AmalonIOS-Prefix.pch */,
			);
			name = "Supporting Files";
			sourceTree = "<group>";
		};
		F1D26257178D1BFB0076AF97 /* AmalonIOSTests */ = {
			isa = PBXGroup;
			children = (
				F1D2625D178D1BFB0076AF97 /* AmalonIOSTests.m */,
				F1D26258178D1BFB0076AF97 /* Supporting Files */,
			);
			path = AmalonIOSTests;
			sourceTree = "<group>";
		};
		F1D26258178D1BFB0076AF97 /* Supporting Files */ = {
			isa = PBXGroup;
			children = (
				F1D26259178D1BFB0076AF97 /* AmalonIOSTests-Info.plist */,
				F1D2625A178D1BFB0076AF97 /* InfoPlist.strings */,
			);
			name = "Supporting Files";
			sourceTree = "<group>";
		};
/* End PBXGroup section */

/* Begin PBXNativeTarget section */
		F1D2622B178D1BFB0076AF97 /* AmalonIOS */ = {
			isa = PBXNativeTarget;
			buildConfigurationList = F1D26261178D1BFB0076AF97 /* Build configuration list for PBXNativeTarget "AmalonIOS" */;
			buildPhases = (
				F1D26228178D1BFB0076AF97 /* Sources */,
				F1D26229178D1BFB0076AF97 /* Frameworks */,
				F1D2622A178D1BFB0076AF97 /* Resources */,
			);
			buildRules = (
			);
			dependencies = (
			);
			name = AmalonIOS;
			productName = AmalonIOS;
			productReference = F1D2622C178D1BFB0076AF97 /* AmalonIOS.app */;
			productType = "com.apple.product-type.application";
		};
		F1D2624F178D1BFB0076AF97 /* AmalonIOSTests */ = {
			isa = PBXNativeTarget;
			buildConfigurationList = F1D26264178D1BFB0076AF97 /* Build configuration list for PBXNativeTarget "AmalonIOSTests" */;
			buildPhases = (
				F1D2624C178D1BFB0076AF97 /* Sources */,
				F1D2624D178D1BFB0076AF97 /* Frameworks */,
				F1D2624E178D1BFB0076AF97 /* Resources */,
			);
			buildRules = (
			);
			dependencies = (
				F1D26256178D1BFB0076AF97 /* PBXTargetDependency */,
			);
			name = AmalonIOSTests;
			productName = AmalonIOSTests;
			productReference = F1D26250178D1BFB0076AF97 /* AmalonIOSTests.xctest */;
			productType = "com.apple.product-type.bundle.unit-test";
		};
/* End PBXNativeTarget section */

/* Begin PBXProject section */
		F1D26224178D1BFB0076AF97 /* Project object */ = {
			isa = PBXProject;
			attributes = {
				LastUpgradeCheck = 0500;
				ORGANIZATIONNAME = TokenGnomeLLC;
				TargetAttributes = {
					F1D2622B178D1BFB0076AF97 = {
						DevelopmentTeam = AC8ZQ8P8X5;
					};
					F1D2624F178D1BFB0076AF97 = {
						TestTargetID = F1D2622B178D1BFB0076AF97;
					};
				};
			};
			buildConfigurationList = F1D26227178D1BFB0076AF97 /* Build configuration list for PBXProject "AmalonIOS" */;
			compatibilityVersion = "Xcode 3.2";
			developmentRegion = English;
			hasScannedForEncodings = 0;
			knownRegions = (
				en,
				Base,
			);
			mainGroup = F1D26223178D1BFB0076AF97;
			productRefGroup = F1D2622D178D1BFB0076AF97 /* Products */;
			projectDirPath = "";
			projectRoot = "";
			targets = (
				F1D2622B178D1BFB0076AF97 /* AmalonIOS */,
				F1D2624F178D1BFB0076AF97 /* AmalonIOSTests */,
			);
		};
/* End PBXProject section */

/* Begin PBXResourcesBuildPhase section */
		F1D2622A178D1BFB0076AF97 /* Resources */ = {
			isa = PBXResourcesBuildPhase;
			buildActionMask = 2147483647;
			files = (
				F141568D178F13AC0077CD29 /* random_bot.js in Resources */,
				F141568E178F13AC0077CD29 /* simple_bot.js in Resources */,
				F1D2624B178D1BFB0076AF97 /* Images.xcassets in Resources */,
				F1D2623A178D1BFB0076AF97 /* InfoPlist.strings in Resources */,
			);
			runOnlyForDeploymentPostprocessing = 0;
		};
		F1D2624E178D1BFB0076AF97 /* Resources */ = {
			isa = PBXResourcesBuildPhase;
			buildActionMask = 2147483647;
			files = (
				F1D2625C178D1BFB0076AF97 /* InfoPlist.strings in Resources */,
			);
			runOnlyForDeploymentPostprocessing = 0;
		};
/* End PBXResourcesBuildPhase section */

/* Begin PBXSourcesBuildPhase section */
		F1D26228178D1BFB0076AF97 /* Sources */ = {
			isa = PBXSourcesBuildPhase;
			buildActionMask = 2147483647;
			files = (
				F141568C178F13290077CD29 /* simple_bot.js in Sources */,
				F1D2627A178D1C190076AF97 /* AppDelegate.m in Sources */,
				F1D26279178D1C190076AF97 /* QuestPlayersView.m in Sources */,
				F1D2627B178D1C190076AF97 /* ReplayViewController.m in Sources */,
				F141568B178F13290077CD29 /* random_bot.js in Sources */,
				F1D26278178D1C190076AF97 /* QuestCell.m in Sources */,
				F1D2623C178D1BFB0076AF97 /* main.m in Sources */,
			);
			runOnlyForDeploymentPostprocessing = 0;
		};
		F1D2624C178D1BFB0076AF97 /* Sources */ = {
			isa = PBXSourcesBuildPhase;
			buildActionMask = 2147483647;
			files = (
				F1D2625E178D1BFB0076AF97 /* AmalonIOSTests.m in Sources */,
			);
			runOnlyForDeploymentPostprocessing = 0;
		};
/* End PBXSourcesBuildPhase section */

/* Begin PBXTargetDependency section */
		F1D26256178D1BFB0076AF97 /* PBXTargetDependency */ = {
			isa = PBXTargetDependency;
			target = F1D2622B178D1BFB0076AF97 /* AmalonIOS */;
			targetProxy = F1D26255178D1BFB0076AF97 /* PBXContainerItemProxy */;
		};
/* End PBXTargetDependency section */

/* Begin PBXVariantGroup section */
		F1D26238178D1BFB0076AF97 /* InfoPlist.strings */ = {
			isa = PBXVariantGroup;
			children = (
				F1D26239178D1BFB0076AF97 /* en */,
			);
			name = InfoPlist.strings;
			sourceTree = "<group>";
		};
		F1D2625A178D1BFB0076AF97 /* InfoPlist.strings */ = {
			isa = PBXVariantGroup;
			children = (
				F1D2625B178D1BFB0076AF97 /* en */,
			);
			name = InfoPlist.strings;
			sourceTree = "<group>";
		};
/* End PBXVariantGroup section */

/* Begin XCBuildConfiguration section */
		F1D2625F178D1BFB0076AF97 /* Debug */ = {
			isa = XCBuildConfiguration;
			buildSettings = {
				ALWAYS_SEARCH_USER_PATHS = YES;
				CLANG_CXX_LANGUAGE_STANDARD = "gnu++0x";
				CLANG_CXX_LIBRARY = "libc++";
				CLANG_ENABLE_MODULES = YES;
				CLANG_ENABLE_OBJC_ARC = YES;
				CLANG_WARN_BOOL_CONVERSION = YES;
				CLANG_WARN_CONSTANT_CONVERSION = YES;
				CLANG_WARN_DIRECT_OBJC_ISA_USAGE = YES_ERROR;
				CLANG_WARN_EMPTY_BODY = YES;
				CLANG_WARN_ENUM_CONVERSION = YES;
				CLANG_WARN_INT_CONVERSION = YES;
				CLANG_WARN_OBJC_ROOT_CLASS = YES_ERROR;
				CLANG_WARN__DUPLICATE_METHOD_MATCH = YES;
				"CODE_SIGN_IDENTITY[sdk=iphoneos*]" = "iPhone Developer";
				COPY_PHASE_STRIP = NO;
				GCC_C_LANGUAGE_STANDARD = gnu99;
				GCC_DYNAMIC_NO_PIC = NO;
				GCC_OPTIMIZATION_LEVEL = 0;
				GCC_PREPROCESSOR_DEFINITIONS = (
					"DEBUG=1",
					"$(inherited)",
				);
				GCC_SYMBOLS_PRIVATE_EXTERN = NO;
				GCC_WARN_ABOUT_RETURN_TYPE = YES_ERROR;
				GCC_WARN_UNDECLARED_SELECTOR = YES;
				GCC_WARN_UNINITIALIZED_AUTOS = YES;
				GCC_WARN_UNUSED_FUNCTION = YES;
				GCC_WARN_UNUSED_VARIABLE = YES;
				IPHONEOS_DEPLOYMENT_TARGET = 7.0;
				LIBRARY_SEARCH_PATHS = AvalonEngine/;
				ONLY_ACTIVE_ARCH = YES;
				SDKROOT = iphoneos;
				TARGETED_DEVICE_FAMILY = "1,2";
			};
			name = Debug;
		};
		F1D26260178D1BFB0076AF97 /* Release */ = {
			isa = XCBuildConfiguration;
			buildSettings = {
				ALWAYS_SEARCH_USER_PATHS = YES;
				CLANG_CXX_LANGUAGE_STANDARD = "gnu++0x";
				CLANG_CXX_LIBRARY = "libc++";
				CLANG_ENABLE_MODULES = YES;
				CLANG_ENABLE_OBJC_ARC = YES;
				CLANG_WARN_BOOL_CONVERSION = YES;
				CLANG_WARN_CONSTANT_CONVERSION = YES;
				CLANG_WARN_DIRECT_OBJC_ISA_USAGE = YES_ERROR;
				CLANG_WARN_EMPTY_BODY = YES;
				CLANG_WARN_ENUM_CONVERSION = YES;
				CLANG_WARN_INT_CONVERSION = YES;
				CLANG_WARN_OBJC_ROOT_CLASS = YES_ERROR;
				CLANG_WARN__DUPLICATE_METHOD_MATCH = YES;
				"CODE_SIGN_IDENTITY[sdk=iphoneos*]" = "iPhone Developer";
				COPY_PHASE_STRIP = YES;
				ENABLE_NS_ASSERTIONS = NO;
				GCC_C_LANGUAGE_STANDARD = gnu99;
				GCC_WARN_ABOUT_RETURN_TYPE = YES_ERROR;
				GCC_WARN_UNDECLARED_SELECTOR = YES;
				GCC_WARN_UNINITIALIZED_AUTOS = YES;
				GCC_WARN_UNUSED_FUNCTION = YES;
				GCC_WARN_UNUSED_VARIABLE = YES;
				IPHONEOS_DEPLOYMENT_TARGET = 7.0;
				LIBRARY_SEARCH_PATHS = AvalonEngine/;
				SDKROOT = iphoneos;
				TARGETED_DEVICE_FAMILY = "1,2";
				VALIDATE_PRODUCT = YES;
			};
			name = Release;
		};
		F1D26262178D1BFB0076AF97 /* Debug */ = {
			isa = XCBuildConfiguration;
			buildSettings = {
				ASSETCATALOG_COMPILER_APPICON_NAME = AppIcon;
				ASSETCATALOG_COMPILER_LAUNCHIMAGE_NAME = LaunchImage;
				CODE_SIGN_IDENTITY = "iPhone Developer";
				GCC_PRECOMPILE_PREFIX_HEADER = YES;
				GCC_PREFIX_HEADER = "AmalonIOS/AmalonIOS-Prefix.pch";
				INFOPLIST_FILE = "AmalonIOS/AmalonIOS-Info.plist";
				LIBRARY_SEARCH_PATHS = (
					"$(inherited)",
					"$(SRCROOT)/../../../Library/Developer/Xcode/DerivedData/Amalon-fpwigmrsewsythastgoraebxhxku/Build/Products/Debug",
					"$(SRCROOT)/../../../Library/Developer/Xcode/DerivedData/Amalon-fpwigmrsewsythastgoraebxhxku/Build/Products/Debug-iphoneos",
				);
				PRODUCT_NAME = "$(TARGET_NAME)";
				USER_HEADER_SEARCH_PATHS = AvalonEngine/;
				WRAPPER_EXTENSION = app;
			};
			name = Debug;
		};
		F1D26263178D1BFB0076AF97 /* Release */ = {
			isa = XCBuildConfiguration;
			buildSettings = {
				ASSETCATALOG_COMPILER_APPICON_NAME = AppIcon;
				ASSETCATALOG_COMPILER_LAUNCHIMAGE_NAME = LaunchImage;
				CODE_SIGN_IDENTITY = "iPhone Developer";
				GCC_PRECOMPILE_PREFIX_HEADER = YES;
				GCC_PREFIX_HEADER = "AmalonIOS/AmalonIOS-Prefix.pch";
				INFOPLIST_FILE = "AmalonIOS/AmalonIOS-Info.plist";
				LIBRARY_SEARCH_PATHS = (
					"$(inherited)",
					"$(SRCROOT)/../../../Library/Developer/Xcode/DerivedData/Amalon-fpwigmrsewsythastgoraebxhxku/Build/Products/Debug",
					"$(SRCROOT)/../../../Library/Developer/Xcode/DerivedData/Amalon-fpwigmrsewsythastgoraebxhxku/Build/Products/Debug-iphoneos",
				);
				PRODUCT_NAME = "$(TARGET_NAME)";
				USER_HEADER_SEARCH_PATHS = AvalonEngine/;
				WRAPPER_EXTENSION = app;
			};
			name = Release;
		};
		F1D26265178D1BFB0076AF97 /* Debug */ = {
			isa = XCBuildConfiguration;
			buildSettings = {
				BUNDLE_LOADER = "$(BUILT_PRODUCTS_DIR)/AmalonIOS.app/AmalonIOS";
				FRAMEWORK_SEARCH_PATHS = (
					"$(SDKROOT)/Developer/Library/Frameworks",
					"$(inherited)",
					"$(SYSTEM_APPS_DIR)/Xcode5-DP3.app/Contents/Developer/Library/Frameworks",
				);
				GCC_PRECOMPILE_PREFIX_HEADER = YES;
				GCC_PREFIX_HEADER = "AmalonIOS/AmalonIOS-Prefix.pch";
				GCC_PREPROCESSOR_DEFINITIONS = (
					"DEBUG=1",
					"$(inherited)",
				);
				INFOPLIST_FILE = "AmalonIOSTests/AmalonIOSTests-Info.plist";
				PRODUCT_NAME = "$(TARGET_NAME)";
				TEST_HOST = "$(BUNDLE_LOADER)";
				WRAPPER_EXTENSION = xctest;
			};
			name = Debug;
		};
		F1D26266178D1BFB0076AF97 /* Release */ = {
			isa = XCBuildConfiguration;
			buildSettings = {
				BUNDLE_LOADER = "$(BUILT_PRODUCTS_DIR)/AmalonIOS.app/AmalonIOS";
				FRAMEWORK_SEARCH_PATHS = (
					"$(SDKROOT)/Developer/Library/Frameworks",
					"$(inherited)",
					"$(SYSTEM_APPS_DIR)/Xcode5-DP3.app/Contents/Developer/Library/Frameworks",
				);
				GCC_PRECOMPILE_PREFIX_HEADER = YES;
				GCC_PREFIX_HEADER = "AmalonIOS/AmalonIOS-Prefix.pch";
				INFOPLIST_FILE = "AmalonIOSTests/AmalonIOSTests-Info.plist";
				PRODUCT_NAME = "$(TARGET_NAME)";
				TEST_HOST = "$(BUNDLE_LOADER)";
				WRAPPER_EXTENSION = xctest;
			};
			name = Release;
		};
/* End XCBuildConfiguration section */

/* Begin XCConfigurationList section */
		F1D26227178D1BFB0076AF97 /* Build configuration list for PBXProject "AmalonIOS" */ = {
			isa = XCConfigurationList;
			buildConfigurations = (
				F1D2625F178D1BFB0076AF97 /* Debug */,
				F1D26260178D1BFB0076AF97 /* Release */,
			);
			defaultConfigurationIsVisible = 0;
			defaultConfigurationName = Release;
		};
		F1D26261178D1BFB0076AF97 /* Build configuration list for PBXNativeTarget "AmalonIOS" */ = {
			isa = XCConfigurationList;
			buildConfigurations = (
				F1D26262178D1BFB0076AF97 /* Debug */,
				F1D26263178D1BFB0076AF97 /* Release */,
			);
			defaultConfigurationIsVisible = 0;
			defaultConfigurationName = Release;
		};
		F1D26264178D1BFB0076AF97 /* Build configuration list for PBXNativeTarget "AmalonIOSTests" */ = {
			isa = XCConfigurationList;
			buildConfigurations = (
				F1D26265178D1BFB0076AF97 /* Debug */,
				F1D26266178D1BFB0076AF97 /* Release */,
			);
			defaultConfigurationIsVisible = 0;
			defaultConfigurationName = Release;
		};
/* End XCConfigurationList section */
	};
	rootObject = F1D26224178D1BFB0076AF97 /* Project object */;
}
