// !$*UTF8*$!
{
	archiveVersion = 1;
	classes = {
	};
	objectVersion = 46;
	objects = {

/* Begin PBXContainerItemProxy section */
		F1C1B30A178D252F00F32812 /* PBXContainerItemProxy */ = {
			isa = PBXContainerItemProxy;
			containerPortal = F1D262B1178D1CC40076AF97 /* AmalonEngine.xcodeproj */;
			proxyType = 2;
			remoteGlobalIDString = F1D26287178D1CC40076AF97;
			remoteInfo = AmalonEngine;
		};
		F1C1B30C178D252F00F32812 /* PBXContainerItemProxy */ = {
			isa = PBXContainerItemProxy;
			containerPortal = F1D262B1178D1CC40076AF97 /* AmalonEngine.xcodeproj */;
			proxyType = 2;
			remoteGlobalIDString = F1D2629A178D1CC40076AF97;
			remoteInfo = AmalonEngineTests;
		};
		F1C1B30E178D252F00F32812 /* PBXContainerItemProxy */ = {
			isa = PBXContainerItemProxy;
			containerPortal = F1D262B1178D1CC40076AF97 /* AmalonEngine.xcodeproj */;
			proxyType = 2;
			remoteGlobalIDString = F1D262FF178D20F80076AF97;
			remoteInfo = AmalonEngineIOS;
		};
		F1C1B314178D253A00F32812 /* PBXContainerItemProxy */ = {
			isa = PBXContainerItemProxy;
			containerPortal = F1D26267178D1BFB0076AF97 /* AmalonIOS.xcodeproj */;
			proxyType = 2;
			remoteGlobalIDString = F1D2622C178D1BFB0076AF97;
			remoteInfo = AmalonIOS;
		};
		F1C1B316178D253A00F32812 /* PBXContainerItemProxy */ = {
			isa = PBXContainerItemProxy;
			containerPortal = F1D26267178D1BFB0076AF97 /* AmalonIOS.xcodeproj */;
			proxyType = 2;
			remoteGlobalIDString = F1D26250178D1BFB0076AF97;
			remoteInfo = AmalonIOSTests;
		};
/* End PBXContainerItemProxy section */

/* Begin PBXFileReference section */
		68913F9B1788BCE400ED0EDE /* Foundation.framework */ = {isa = PBXFileReference; lastKnownFileType = wrapper.framework; name = Foundation.framework; path = System/Library/Frameworks/Foundation.framework; sourceTree = SDKROOT; };
		68913F9D1788BCE400ED0EDE /* CoreGraphics.framework */ = {isa = PBXFileReference; lastKnownFileType = wrapper.framework; name = CoreGraphics.framework; path = System/Library/Frameworks/CoreGraphics.framework; sourceTree = SDKROOT; };
		68913F9F1788BCE400ED0EDE /* UIKit.framework */ = {isa = PBXFileReference; lastKnownFileType = wrapper.framework; name = UIKit.framework; path = System/Library/Frameworks/UIKit.framework; sourceTree = SDKROOT; };
		68913FB41788BCE500ED0EDE /* XCTest.framework */ = {isa = PBXFileReference; lastKnownFileType = wrapper.framework; name = XCTest.framework; path = Library/Frameworks/XCTest.framework; sourceTree = DEVELOPER_DIR; };
		68913FED1789AFF500ED0EDE /* JavaScriptCore.framework */ = {isa = PBXFileReference; lastKnownFileType = wrapper.framework; name = JavaScriptCore.framework; path = System/Library/Frameworks/JavaScriptCore.framework; sourceTree = SDKROOT; };
		68913FF41789C90600ED0EDE /* random_bot.js */ = {isa = PBXFileReference; lastKnownFileType = sourcecode.javascript; path = random_bot.js; sourceTree = "<group>"; };
		68913FF61789F8C700ED0EDE /* simple_bot.js */ = {isa = PBXFileReference; lastKnownFileType = sourcecode.javascript; path = simple_bot.js; sourceTree = "<group>"; };
		F1D26267178D1BFB0076AF97 /* AmalonIOS.xcodeproj */ = {isa = PBXFileReference; lastKnownFileType = "wrapper.pb-project"; name = AmalonIOS.xcodeproj; path = AmalonIOS/AmalonIOS.xcodeproj; sourceTree = "<group>"; };
		F1D262B1178D1CC40076AF97 /* AmalonEngine.xcodeproj */ = {isa = PBXFileReference; lastKnownFileType = "wrapper.pb-project"; name = AmalonEngine.xcodeproj; path = AmalonEngine/AmalonEngine.xcodeproj; sourceTree = "<group>"; };
/* End PBXFileReference section */

/* Begin PBXGroup section */
		68913F8F1788BCE400ED0EDE = {
			isa = PBXGroup;
			children = (
				F1D262B1178D1CC40076AF97 /* AmalonEngine.xcodeproj */,
				F1D26267178D1BFB0076AF97 /* AmalonIOS.xcodeproj */,
				68913FF31789C90600ED0EDE /* ExampleBots */,
				68913F9A1788BCE400ED0EDE /* Frameworks */,
				68913F991788BCE400ED0EDE /* Products */,
			);
			sourceTree = "<group>";
		};
		68913F991788BCE400ED0EDE /* Products */ = {
			isa = PBXGroup;
			children = (
			);
			name = Products;
			sourceTree = "<group>";
		};
		68913F9A1788BCE400ED0EDE /* Frameworks */ = {
			isa = PBXGroup;
			children = (
				68913FED1789AFF500ED0EDE /* JavaScriptCore.framework */,
				68913F9B1788BCE400ED0EDE /* Foundation.framework */,
				68913F9D1788BCE400ED0EDE /* CoreGraphics.framework */,
				68913F9F1788BCE400ED0EDE /* UIKit.framework */,
				68913FB41788BCE500ED0EDE /* XCTest.framework */,
			);
			name = Frameworks;
			sourceTree = "<group>";
		};
		68913FF31789C90600ED0EDE /* ExampleBots */ = {
			isa = PBXGroup;
			children = (
				68913FF61789F8C700ED0EDE /* simple_bot.js */,
				68913FF41789C90600ED0EDE /* random_bot.js */,
			);
			name = ExampleBots;
			path = ../ExampleBots;
			sourceTree = "<group>";
		};
		F1C1B305178D252F00F32812 /* Products */ = {
			isa = PBXGroup;
			children = (
				F1C1B30B178D252F00F32812 /* libAmalonEngine.a */,
				F1C1B30D178D252F00F32812 /* AmalonEngineTests.xctest */,
				F1C1B30F178D252F00F32812 /* libAmalonEngineIOS.a */,
			);
			name = Products;
			sourceTree = "<group>";
		};
		F1C1B310178D253A00F32812 /* Products */ = {
			isa = PBXGroup;
			children = (
				F1C1B315178D253A00F32812 /* AmalonIOS.app */,
				F1C1B317178D253A00F32812 /* AmalonIOSTests.xctest */,
			);
			name = Products;
			sourceTree = "<group>";
		};
/* End PBXGroup section */

/* Begin PBXProject section */
		68913F901788BCE400ED0EDE /* Project object */ = {
			isa = PBXProject;
			attributes = {
				LastUpgradeCheck = 0500;
				ORGANIZATIONNAME = "Brandon Smith";
			};
			buildConfigurationList = 68913F931788BCE400ED0EDE /* Build configuration list for PBXProject "Amalon" */;
			compatibilityVersion = "Xcode 3.2";
			developmentRegion = English;
			hasScannedForEncodings = 0;
			knownRegions = (
				en,
			);
			mainGroup = 68913F8F1788BCE400ED0EDE;
			productRefGroup = 68913F991788BCE400ED0EDE /* Products */;
			projectDirPath = "";
			projectReferences = (
				{
					ProductGroup = F1C1B305178D252F00F32812 /* Products */;
					ProjectRef = F1D262B1178D1CC40076AF97 /* AmalonEngine.xcodeproj */;
				},
				{
					ProductGroup = F1C1B310178D253A00F32812 /* Products */;
					ProjectRef = F1D26267178D1BFB0076AF97 /* AmalonIOS.xcodeproj */;
				},
			);
			projectRoot = "";
			targets = (
			);
		};
/* End PBXProject section */

/* Begin PBXReferenceProxy section */
		F1C1B30B178D252F00F32812 /* libAmalonEngine.a */ = {
			isa = PBXReferenceProxy;
			fileType = archive.ar;
			path = libAmalonEngine.a;
			remoteRef = F1C1B30A178D252F00F32812 /* PBXContainerItemProxy */;
			sourceTree = BUILT_PRODUCTS_DIR;
		};
		F1C1B30D178D252F00F32812 /* AmalonEngineTests.xctest */ = {
			isa = PBXReferenceProxy;
			fileType = wrapper.cfbundle;
			path = AmalonEngineTests.xctest;
			remoteRef = F1C1B30C178D252F00F32812 /* PBXContainerItemProxy */;
			sourceTree = BUILT_PRODUCTS_DIR;
		};
		F1C1B30F178D252F00F32812 /* libAmalonEngineIOS.a */ = {
			isa = PBXReferenceProxy;
			fileType = archive.ar;
			path = libAmalonEngineIOS.a;
			remoteRef = F1C1B30E178D252F00F32812 /* PBXContainerItemProxy */;
			sourceTree = BUILT_PRODUCTS_DIR;
		};
		F1C1B315178D253A00F32812 /* AmalonIOS.app */ = {
			isa = PBXReferenceProxy;
			fileType = wrapper.application;
			path = AmalonIOS.app;
			remoteRef = F1C1B314178D253A00F32812 /* PBXContainerItemProxy */;
			sourceTree = BUILT_PRODUCTS_DIR;
		};
		F1C1B317178D253A00F32812 /* AmalonIOSTests.xctest */ = {
			isa = PBXReferenceProxy;
			fileType = wrapper.cfbundle;
			path = AmalonIOSTests.xctest;
			remoteRef = F1C1B316178D253A00F32812 /* PBXContainerItemProxy */;
			sourceTree = BUILT_PRODUCTS_DIR;
		};
/* End PBXReferenceProxy section */

/* Begin XCBuildConfiguration section */
		68913FC21788BCE500ED0EDE /* Debug */ = {
			isa = XCBuildConfiguration;
			buildSettings = {
				ALWAYS_SEARCH_USER_PATHS = NO;
				CLANG_CXX_LANGUAGE_STANDARD = "gnu++0x";
				CLANG_CXX_LIBRARY = "libc++";
				CLANG_ENABLE_MODULES = YES;
				CLANG_ENABLE_OBJC_ARC = YES;
				CLANG_WARN_BOOL_CONVERSION = YES;
				CLANG_WARN_CONSTANT_CONVERSION = YES;
				CLANG_WARN_DIRECT_OBJC_ISA_USAGE = YES_ERROR;
				CLANG_WARN_EMPTY_BODY = YES;
				CLANG_WARN_ENUM_CONVERSION = YES;
				CLANG_WARN_INT_CONVERSION = YES;
				CLANG_WARN_OBJC_ROOT_CLASS = YES_ERROR;
				CLANG_WARN__DUPLICATE_METHOD_MATCH = YES;
				"CODE_SIGN_IDENTITY[sdk=iphoneos*]" = "iPhone Developer";
				COPY_PHASE_STRIP = NO;
				GCC_C_LANGUAGE_STANDARD = gnu99;
				GCC_DYNAMIC_NO_PIC = NO;
				GCC_OPTIMIZATION_LEVEL = 0;
				GCC_PREPROCESSOR_DEFINITIONS = (
					"DEBUG=1",
					"$(inherited)",
				);
				GCC_SYMBOLS_PRIVATE_EXTERN = NO;
				GCC_WARN_ABOUT_RETURN_TYPE = YES_ERROR;
				GCC_WARN_UNDECLARED_SELECTOR = YES;
				GCC_WARN_UNINITIALIZED_AUTOS = YES;
				GCC_WARN_UNUSED_FUNCTION = YES;
				GCC_WARN_UNUSED_VARIABLE = YES;
				IPHONEOS_DEPLOYMENT_TARGET = 6.0;
				ONLY_ACTIVE_ARCH = YES;
				SDKROOT = iphoneos;
				TARGETED_DEVICE_FAMILY = "1,2";
			};
			name = Debug;
		};
		68913FC31788BCE500ED0EDE /* Release */ = {
			isa = XCBuildConfiguration;
			buildSettings = {
				ALWAYS_SEARCH_USER_PATHS = NO;
				CLANG_CXX_LANGUAGE_STANDARD = "gnu++0x";
				CLANG_CXX_LIBRARY = "libc++";
				CLANG_ENABLE_MODULES = YES;
				CLANG_ENABLE_OBJC_ARC = YES;
				CLANG_WARN_BOOL_CONVERSION = YES;
				CLANG_WARN_CONSTANT_CONVERSION = YES;
				CLANG_WARN_DIRECT_OBJC_ISA_USAGE = YES_ERROR;
				CLANG_WARN_EMPTY_BODY = YES;
				CLANG_WARN_ENUM_CONVERSION = YES;
				CLANG_WARN_INT_CONVERSION = YES;
				CLANG_WARN_OBJC_ROOT_CLASS = YES_ERROR;
				CLANG_WARN__DUPLICATE_METHOD_MATCH = YES;
				"CODE_SIGN_IDENTITY[sdk=iphoneos*]" = "iPhone Developer";
				COPY_PHASE_STRIP = YES;
				ENABLE_NS_ASSERTIONS = NO;
				GCC_C_LANGUAGE_STANDARD = gnu99;
				GCC_WARN_ABOUT_RETURN_TYPE = YES_ERROR;
				GCC_WARN_UNDECLARED_SELECTOR = YES;
				GCC_WARN_UNINITIALIZED_AUTOS = YES;
				GCC_WARN_UNUSED_FUNCTION = YES;
				GCC_WARN_UNUSED_VARIABLE = YES;
				IPHONEOS_DEPLOYMENT_TARGET = 6.0;
				SDKROOT = iphoneos;
				TARGETED_DEVICE_FAMILY = "1,2";
				VALIDATE_PRODUCT = YES;
			};
			name = Release;
		};
/* End XCBuildConfiguration section */

/* Begin XCConfigurationList section */
		68913F931788BCE400ED0EDE /* Build configuration list for PBXProject "Amalon" */ = {
			isa = XCConfigurationList;
			buildConfigurations = (
				68913FC21788BCE500ED0EDE /* Debug */,
				68913FC31788BCE500ED0EDE /* Release */,
			);
			defaultConfigurationIsVisible = 0;
			defaultConfigurationName = Release;
		};
/* End XCConfigurationList section */
	};
	rootObject = 68913F901788BCE400ED0EDE /* Project object */;
}
